// !$*UTF8*$!
{
	archiveVersion = 1;
	classes = {
	};
	objectVersion = 48;
	objects = {

/* Begin PBXBuildFile section */
		9C659D4720148073009DD5D0 /* FMDatabase.m in Sources */ = {isa = PBXBuildFile; fileRef = 9C659D3D20148073009DD5D0 /* FMDatabase.m */; };
		9C659D4820148073009DD5D0 /* FMDatabaseAdditions.m in Sources */ = {isa = PBXBuildFile; fileRef = 9C659D3F20148073009DD5D0 /* FMDatabaseAdditions.m */; };
		9C659D4920148073009DD5D0 /* FMDatabasePool.m in Sources */ = {isa = PBXBuildFile; fileRef = 9C659D4120148073009DD5D0 /* FMDatabasePool.m */; };
		9C659D4A20148073009DD5D0 /* FMDatabaseQueue.m in Sources */ = {isa = PBXBuildFile; fileRef = 9C659D4320148073009DD5D0 /* FMDatabaseQueue.m */; };
		9C659D4B20148073009DD5D0 /* FMResultSet.m in Sources */ = {isa = PBXBuildFile; fileRef = 9C659D4620148073009DD5D0 /* FMResultSet.m */; };
		9C659D4E201481C0009DD5D0 /* libsqlite3.tbd in Frameworks */ = {isa = PBXBuildFile; fileRef = 9C659D4D201481C0009DD5D0 /* libsqlite3.tbd */; };
		9C6A616D20142CF8003D43E6 /* AppDelegate.m in Sources */ = {isa = PBXBuildFile; fileRef = 9C6A616C20142CF8003D43E6 /* AppDelegate.m */; };
		9C6A617520142CF8003D43E6 /* Assets.xcassets in Resources */ = {isa = PBXBuildFile; fileRef = 9C6A617420142CF8003D43E6 /* Assets.xcassets */; };
		9C6A617820142CF8003D43E6 /* LaunchScreen.storyboard in Resources */ = {isa = PBXBuildFile; fileRef = 9C6A617620142CF8003D43E6 /* LaunchScreen.storyboard */; };
		9C6A617B20142CF8003D43E6 /* main.m in Sources */ = {isa = PBXBuildFile; fileRef = 9C6A617A20142CF8003D43E6 /* main.m */; };
		9C6A618820142D5C003D43E6 /* SYJChangeViewController.m in Sources */ = {isa = PBXBuildFile; fileRef = 9C6A618520142D5C003D43E6 /* SYJChangeViewController.m */; };
		9C6A618920142D5C003D43E6 /* ZWIntroductionViewController.m in Sources */ = {isa = PBXBuildFile; fileRef = 9C6A618720142D5C003D43E6 /* ZWIntroductionViewController.m */; };
		9C6A619320142DC8003D43E6 /* SYJBaseViewController.m in Sources */ = {isa = PBXBuildFile; fileRef = 9C6A618C20142DC8003D43E6 /* SYJBaseViewController.m */; };
		9C6A619420142DC8003D43E6 /* SYJNavigationController.m in Sources */ = {isa = PBXBuildFile; fileRef = 9C6A618E20142DC8003D43E6 /* SYJNavigationController.m */; };
		9C6A619620142DC8003D43E6 /* SYJTabBarController.m in Sources */ = {isa = PBXBuildFile; fileRef = 9C6A619220142DC8003D43E6 /* SYJTabBarController.m */; };
		9C6A619B20142EDA003D43E6 /* SYJLogInViewController.m in Sources */ = {isa = PBXBuildFile; fileRef = 9C6A619920142EDA003D43E6 /* SYJLogInViewController.m */; };
		9C6A619C20142EDA003D43E6 /* SYJLogInViewController.xib in Resources */ = {isa = PBXBuildFile; fileRef = 9C6A619A20142EDA003D43E6 /* SYJLogInViewController.xib */; };
		9C6A61A120142FEC003D43E6 /* SYJMeViewController.m in Sources */ = {isa = PBXBuildFile; fileRef = 9C6A619F20142FEC003D43E6 /* SYJMeViewController.m */; };
		9C6A61A220142FEC003D43E6 /* SYJMeViewController.xib in Resources */ = {isa = PBXBuildFile; fileRef = 9C6A61A020142FEC003D43E6 /* SYJMeViewController.xib */; };
		9C6A61A72014309E003D43E6 /* SYJHomeViewController.m in Sources */ = {isa = PBXBuildFile; fileRef = 9C6A61A52014309E003D43E6 /* SYJHomeViewController.m */; };
		9C6A61A82014309E003D43E6 /* SYJHomeViewController.xib in Resources */ = {isa = PBXBuildFile; fileRef = 9C6A61A62014309E003D43E6 /* SYJHomeViewController.xib */; };
		9C6A61AD201432ED003D43E6 /* UIImage+SYJImage.m in Sources */ = {isa = PBXBuildFile; fileRef = 9C6A61AC201432ED003D43E6 /* UIImage+SYJImage.m */; };
/* End PBXBuildFile section */

/* Begin PBXFileReference section */
		9C659D3C20148073009DD5D0 /* FMDatabase.h */ = {isa = PBXFileReference; fileEncoding = 4; lastKnownFileType = sourcecode.c.h; path = FMDatabase.h; sourceTree = "<group>"; };
		9C659D3D20148073009DD5D0 /* FMDatabase.m */ = {isa = PBXFileReference; fileEncoding = 4; lastKnownFileType = sourcecode.c.objc; path = FMDatabase.m; sourceTree = "<group>"; };
		9C659D3E20148073009DD5D0 /* FMDatabaseAdditions.h */ = {isa = PBXFileReference; fileEncoding = 4; lastKnownFileType = sourcecode.c.h; path = FMDatabaseAdditions.h; sourceTree = "<group>"; };
		9C659D3F20148073009DD5D0 /* FMDatabaseAdditions.m */ = {isa = PBXFileReference; fileEncoding = 4; lastKnownFileType = sourcecode.c.objc; path = FMDatabaseAdditions.m; sourceTree = "<group>"; };
		9C659D4020148073009DD5D0 /* FMDatabasePool.h */ = {isa = PBXFileReference; fileEncoding = 4; lastKnownFileType = sourcecode.c.h; path = FMDatabasePool.h; sourceTree = "<group>"; };
		9C659D4120148073009DD5D0 /* FMDatabasePool.m */ = {isa = PBXFileReference; fileEncoding = 4; lastKnownFileType = sourcecode.c.objc; path = FMDatabasePool.m; sourceTree = "<group>"; };
		9C659D4220148073009DD5D0 /* FMDatabaseQueue.h */ = {isa = PBXFileReference; fileEncoding = 4; lastKnownFileType = sourcecode.c.h; path = FMDatabaseQueue.h; sourceTree = "<group>"; };
		9C659D4320148073009DD5D0 /* FMDatabaseQueue.m */ = {isa = PBXFileReference; fileEncoding = 4; lastKnownFileType = sourcecode.c.objc; path = FMDatabaseQueue.m; sourceTree = "<group>"; };
		9C659D4420148073009DD5D0 /* FMDB.h */ = {isa = PBXFileReference; fileEncoding = 4; lastKnownFileType = sourcecode.c.h; path = FMDB.h; sourceTree = "<group>"; };
		9C659D4520148073009DD5D0 /* FMResultSet.h */ = {isa = PBXFileReference; fileEncoding = 4; lastKnownFileType = sourcecode.c.h; path = FMResultSet.h; sourceTree = "<group>"; };
		9C659D4620148073009DD5D0 /* FMResultSet.m */ = {isa = PBXFileReference; fileEncoding = 4; lastKnownFileType = sourcecode.c.objc; path = FMResultSet.m; sourceTree = "<group>"; };
		9C659D4D201481C0009DD5D0 /* libsqlite3.tbd */ = {isa = PBXFileReference; lastKnownFileType = "sourcecode.text-based-dylib-definition"; name = libsqlite3.tbd; path = usr/lib/libsqlite3.tbd; sourceTree = SDKROOT; };
		9C6A616820142CF8003D43E6 /* 宠窝.app */ = {isa = PBXFileReference; explicitFileType = wrapper.application; includeInIndex = 0; path = "宠窝.app"; sourceTree = BUILT_PRODUCTS_DIR; };
		9C6A616B20142CF8003D43E6 /* AppDelegate.h */ = {isa = PBXFileReference; lastKnownFileType = sourcecode.c.h; path = AppDelegate.h; sourceTree = "<group>"; };
		9C6A616C20142CF8003D43E6 /* AppDelegate.m */ = {isa = PBXFileReference; lastKnownFileType = sourcecode.c.objc; path = AppDelegate.m; sourceTree = "<group>"; };
		9C6A617420142CF8003D43E6 /* Assets.xcassets */ = {isa = PBXFileReference; lastKnownFileType = folder.assetcatalog; path = Assets.xcassets; sourceTree = "<group>"; };
		9C6A617720142CF8003D43E6 /* Base */ = {isa = PBXFileReference; lastKnownFileType = file.storyboard; name = Base; path = Base.lproj/LaunchScreen.storyboard; sourceTree = "<group>"; };
		9C6A617920142CF8003D43E6 /* Info.plist */ = {isa = PBXFileReference; lastKnownFileType = text.plist.xml; path = Info.plist; sourceTree = "<group>"; };
		9C6A617A20142CF8003D43E6 /* main.m */ = {isa = PBXFileReference; lastKnownFileType = sourcecode.c.objc; path = main.m; sourceTree = "<group>"; };
		9C6A618420142D5C003D43E6 /* SYJChangeViewController.h */ = {isa = PBXFileReference; fileEncoding = 4; lastKnownFileType = sourcecode.c.h; path = SYJChangeViewController.h; sourceTree = "<group>"; };
		9C6A618520142D5C003D43E6 /* SYJChangeViewController.m */ = {isa = PBXFileReference; fileEncoding = 4; lastKnownFileType = sourcecode.c.objc; path = SYJChangeViewController.m; sourceTree = "<group>"; };
		9C6A618620142D5C003D43E6 /* ZWIntroductionViewController.h */ = {isa = PBXFileReference; fileEncoding = 4; lastKnownFileType = sourcecode.c.h; path = ZWIntroductionViewController.h; sourceTree = "<group>"; };
		9C6A618720142D5C003D43E6 /* ZWIntroductionViewController.m */ = {isa = PBXFileReference; fileEncoding = 4; lastKnownFileType = sourcecode.c.objc; path = ZWIntroductionViewController.m; sourceTree = "<group>"; };
		9C6A618B20142DC8003D43E6 /* SYJBaseViewController.h */ = {isa = PBXFileReference; fileEncoding = 4; lastKnownFileType = sourcecode.c.h; path = SYJBaseViewController.h; sourceTree = "<group>"; };
		9C6A618C20142DC8003D43E6 /* SYJBaseViewController.m */ = {isa = PBXFileReference; fileEncoding = 4; lastKnownFileType = sourcecode.c.objc; path = SYJBaseViewController.m; sourceTree = "<group>"; };
		9C6A618D20142DC8003D43E6 /* SYJNavigationController.h */ = {isa = PBXFileReference; fileEncoding = 4; lastKnownFileType = sourcecode.c.h; path = SYJNavigationController.h; sourceTree = "<group>"; };
		9C6A618E20142DC8003D43E6 /* SYJNavigationController.m */ = {isa = PBXFileReference; fileEncoding = 4; lastKnownFileType = sourcecode.c.objc; path = SYJNavigationController.m; sourceTree = "<group>"; };
		9C6A619120142DC8003D43E6 /* SYJTabBarController.h */ = {isa = PBXFileReference; fileEncoding = 4; lastKnownFileType = sourcecode.c.h; path = SYJTabBarController.h; sourceTree = "<group>"; };
		9C6A619220142DC8003D43E6 /* SYJTabBarController.m */ = {isa = PBXFileReference; fileEncoding = 4; lastKnownFileType = sourcecode.c.objc; path = SYJTabBarController.m; sourceTree = "<group>"; };
		9C6A619820142EDA003D43E6 /* SYJLogInViewController.h */ = {isa = PBXFileReference; lastKnownFileType = sourcecode.c.h; path = SYJLogInViewController.h; sourceTree = "<group>"; };
		9C6A619920142EDA003D43E6 /* SYJLogInViewController.m */ = {isa = PBXFileReference; lastKnownFileType = sourcecode.c.objc; path = SYJLogInViewController.m; sourceTree = "<group>"; };
		9C6A619A20142EDA003D43E6 /* SYJLogInViewController.xib */ = {isa = PBXFileReference; lastKnownFileType = file.xib; path = SYJLogInViewController.xib; sourceTree = "<group>"; };
		9C6A619E20142FEC003D43E6 /* SYJMeViewController.h */ = {isa = PBXFileReference; lastKnownFileType = sourcecode.c.h; path = SYJMeViewController.h; sourceTree = "<group>"; };
		9C6A619F20142FEC003D43E6 /* SYJMeViewController.m */ = {isa = PBXFileReference; lastKnownFileType = sourcecode.c.objc; path = SYJMeViewController.m; sourceTree = "<group>"; };
		9C6A61A020142FEC003D43E6 /* SYJMeViewController.xib */ = {isa = PBXFileReference; lastKnownFileType = file.xib; path = SYJMeViewController.xib; sourceTree = "<group>"; };
		9C6A61A42014309E003D43E6 /* SYJHomeViewController.h */ = {isa = PBXFileReference; lastKnownFileType = sourcecode.c.h; path = SYJHomeViewController.h; sourceTree = "<group>"; };
		9C6A61A52014309E003D43E6 /* SYJHomeViewController.m */ = {isa = PBXFileReference; lastKnownFileType = sourcecode.c.objc; path = SYJHomeViewController.m; sourceTree = "<group>"; };
		9C6A61A62014309E003D43E6 /* SYJHomeViewController.xib */ = {isa = PBXFileReference; lastKnownFileType = file.xib; path = SYJHomeViewController.xib; sourceTree = "<group>"; };
		9C6A61A9201430F5003D43E6 /* PrefixHeader.pch */ = {isa = PBXFileReference; lastKnownFileType = sourcecode.c.h; path = PrefixHeader.pch; sourceTree = "<group>"; };
		9C6A61AB201432ED003D43E6 /* UIImage+SYJImage.h */ = {isa = PBXFileReference; fileEncoding = 4; lastKnownFileType = sourcecode.c.h; path = "UIImage+SYJImage.h"; sourceTree = "<group>"; };
		9C6A61AC201432ED003D43E6 /* UIImage+SYJImage.m */ = {isa = PBXFileReference; fileEncoding = 4; lastKnownFileType = sourcecode.c.objc; path = "UIImage+SYJImage.m"; sourceTree = "<group>"; };
/* End PBXFileReference section */

/* Begin PBXFrameworksBuildPhase section */
		9C6A616520142CF8003D43E6 /* Frameworks */ = {
			isa = PBXFrameworksBuildPhase;
			buildActionMask = 2147483647;
			files = (
				9C659D4E201481C0009DD5D0 /* libsqlite3.tbd in Frameworks */,
			);
			runOnlyForDeploymentPostprocessing = 0;
		};
/* End PBXFrameworksBuildPhase section */

/* Begin PBXGroup section */
		9C659D3B20148073009DD5D0 /* FMDB */ = {
			isa = PBXGroup;
			children = (
				9C659D3C20148073009DD5D0 /* FMDatabase.h */,
				9C659D3D20148073009DD5D0 /* FMDatabase.m */,
				9C659D3E20148073009DD5D0 /* FMDatabaseAdditions.h */,
				9C659D3F20148073009DD5D0 /* FMDatabaseAdditions.m */,
				9C659D4020148073009DD5D0 /* FMDatabasePool.h */,
				9C659D4120148073009DD5D0 /* FMDatabasePool.m */,
				9C659D4220148073009DD5D0 /* FMDatabaseQueue.h */,
				9C659D4320148073009DD5D0 /* FMDatabaseQueue.m */,
				9C659D4420148073009DD5D0 /* FMDB.h */,
				9C659D4520148073009DD5D0 /* FMResultSet.h */,
				9C659D4620148073009DD5D0 /* FMResultSet.m */,
			);
			path = FMDB;
			sourceTree = "<group>";
		};
		9C659D4C201481BF009DD5D0 /* Frameworks */ = {
			isa = PBXGroup;
			children = (
				9C659D4D201481C0009DD5D0 /* libsqlite3.tbd */,
			);
			name = Frameworks;
			sourceTree = "<group>";
		};
		9C6A615F20142CF8003D43E6 = {
			isa = PBXGroup;
			children = (
				9C6A616A20142CF8003D43E6 /* 宠窝 */,
				9C6A616920142CF8003D43E6 /* Products */,
				9C659D4C201481BF009DD5D0 /* Frameworks */,
			);
			sourceTree = "<group>";
		};
		9C6A616920142CF8003D43E6 /* Products */ = {
			isa = PBXGroup;
			children = (
				9C6A616820142CF8003D43E6 /* 宠窝.app */,
			);
			name = Products;
			sourceTree = "<group>";
		};
		9C6A616A20142CF8003D43E6 /* 宠窝 */ = {
			isa = PBXGroup;
			children = (
				9C6A61A9201430F5003D43E6 /* PrefixHeader.pch */,
				9C6A616B20142CF8003D43E6 /* AppDelegate.h */,
				9C6A616C20142CF8003D43E6 /* AppDelegate.m */,
				9C6A617420142CF8003D43E6 /* Assets.xcassets */,
				9C6A617620142CF8003D43E6 /* LaunchScreen.storyboard */,
				9C6A617920142CF8003D43E6 /* Info.plist */,
				9C6A617A20142CF8003D43E6 /* main.m */,
				9C6A61AA201432D9003D43E6 /* Tools */,
				9C6A618A20142DC8003D43E6 /* Root */,
				9C6A618120142D46003D43E6 /* AppClass */,
			);
			path = "宠窝";
			sourceTree = "<group>";
		};
		9C6A618120142D46003D43E6 /* AppClass */ = {
			isa = PBXGroup;
			children = (
				9C6A61A320143021003D43E6 /* 首页 */,
				9C6A619D20142FD3003D43E6 /* 我的 */,
				9C6A619720142EB8003D43E6 /* 登录注册 */,
				9C6A618220142D5C003D43E6 /* 引导页 */,
			);
			path = AppClass;
			sourceTree = "<group>";
		};
		9C6A618220142D5C003D43E6 /* 引导页 */ = {
			isa = PBXGroup;
			children = (
				9C6A618320142D5C003D43E6 /* ZWIntroductionViewController */,
			);
			path = "引导页";
			sourceTree = "<group>";
		};
		9C6A618320142D5C003D43E6 /* ZWIntroductionViewController */ = {
			isa = PBXGroup;
			children = (
				9C6A618420142D5C003D43E6 /* SYJChangeViewController.h */,
				9C6A618520142D5C003D43E6 /* SYJChangeViewController.m */,
				9C6A618620142D5C003D43E6 /* ZWIntroductionViewController.h */,
				9C6A618720142D5C003D43E6 /* ZWIntroductionViewController.m */,
			);
			path = ZWIntroductionViewController;
			sourceTree = "<group>";
		};
		9C6A618A20142DC8003D43E6 /* Root */ = {
			isa = PBXGroup;
			children = (
				9C6A618B20142DC8003D43E6 /* SYJBaseViewController.h */,
				9C6A618C20142DC8003D43E6 /* SYJBaseViewController.m */,
				9C6A618D20142DC8003D43E6 /* SYJNavigationController.h */,
				9C6A618E20142DC8003D43E6 /* SYJNavigationController.m */,
				9C6A619120142DC8003D43E6 /* SYJTabBarController.h */,
				9C6A619220142DC8003D43E6 /* SYJTabBarController.m */,
			);
			path = Root;
			sourceTree = "<group>";
		};
		9C6A619720142EB8003D43E6 /* 登录注册 */ = {
			isa = PBXGroup;
			children = (
				9C6A619820142EDA003D43E6 /* SYJLogInViewController.h */,
				9C6A619920142EDA003D43E6 /* SYJLogInViewController.m */,
				9C6A619A20142EDA003D43E6 /* SYJLogInViewController.xib */,
			);
			path = "登录注册";
			sourceTree = "<group>";
		};
		9C6A619D20142FD3003D43E6 /* 我的 */ = {
			isa = PBXGroup;
			children = (
				9C6A619E20142FEC003D43E6 /* SYJMeViewController.h */,
				9C6A619F20142FEC003D43E6 /* SYJMeViewController.m */,
				9C6A61A020142FEC003D43E6 /* SYJMeViewController.xib */,
			);
			path = "我的";
			sourceTree = "<group>";
		};
		9C6A61A320143021003D43E6 /* 首页 */ = {
			isa = PBXGroup;
			children = (
				9C6A61A42014309E003D43E6 /* SYJHomeViewController.h */,
				9C6A61A52014309E003D43E6 /* SYJHomeViewController.m */,
				9C6A61A62014309E003D43E6 /* SYJHomeViewController.xib */,
			);
			path = "首页";
			sourceTree = "<group>";
		};
		9C6A61AA201432D9003D43E6 /* Tools */ = {
			isa = PBXGroup;
			children = (
				9C659D3B20148073009DD5D0 /* FMDB */,
				9C6A61AB201432ED003D43E6 /* UIImage+SYJImage.h */,
				9C6A61AC201432ED003D43E6 /* UIImage+SYJImage.m */,
			);
			path = Tools;
			sourceTree = "<group>";
		};
/* End PBXGroup section */

/* Begin PBXNativeTarget section */
		9C6A616720142CF8003D43E6 /* 宠窝 */ = {
			isa = PBXNativeTarget;
			buildConfigurationList = 9C6A617E20142CF8003D43E6 /* Build configuration list for PBXNativeTarget "宠窝" */;
			buildPhases = (
				9C6A616420142CF8003D43E6 /* Sources */,
				9C6A616520142CF8003D43E6 /* Frameworks */,
				9C6A616620142CF8003D43E6 /* Resources */,
			);
			buildRules = (
			);
			dependencies = (
			);
			name = "宠窝";
			productName = "宠窝";
			productReference = 9C6A616820142CF8003D43E6 /* 宠窝.app */;
			productType = "com.apple.product-type.application";
		};
/* End PBXNativeTarget section */

/* Begin PBXProject section */
		9C6A616020142CF8003D43E6 /* Project object */ = {
			isa = PBXProject;
			attributes = {
				LastUpgradeCheck = 0920;
				ORGANIZATIONNAME = soso;
				TargetAttributes = {
					9C6A616720142CF8003D43E6 = {
						CreatedOnToolsVersion = 9.2;
						ProvisioningStyle = Automatic;
					};
				};
			};
			buildConfigurationList = 9C6A616320142CF8003D43E6 /* Build configuration list for PBXProject "宠窝" */;
			compatibilityVersion = "Xcode 8.0";
			developmentRegion = en;
			hasScannedForEncodings = 0;
			knownRegions = (
				en,
				Base,
			);
			mainGroup = 9C6A615F20142CF8003D43E6;
			productRefGroup = 9C6A616920142CF8003D43E6 /* Products */;
			projectDirPath = "";
			projectRoot = "";
			targets = (
				9C6A616720142CF8003D43E6 /* 宠窝 */,
			);
		};
/* End PBXProject section */

/* Begin PBXResourcesBuildPhase section */
		9C6A616620142CF8003D43E6 /* Resources */ = {
			isa = PBXResourcesBuildPhase;
			buildActionMask = 2147483647;
			files = (
				9C6A61A82014309E003D43E6 /* SYJHomeViewController.xib in Resources */,
				9C6A619C20142EDA003D43E6 /* SYJLogInViewController.xib in Resources */,
				9C6A617820142CF8003D43E6 /* LaunchScreen.storyboard in Resources */,
				9C6A617520142CF8003D43E6 /* Assets.xcassets in Resources */,
				9C6A61A220142FEC003D43E6 /* SYJMeViewController.xib in Resources */,
			);
			runOnlyForDeploymentPostprocessing = 0;
		};
/* End PBXResourcesBuildPhase section */

/* Begin PBXSourcesBuildPhase section */
		9C6A616420142CF8003D43E6 /* Sources */ = {
			isa = PBXSourcesBuildPhase;
			buildActionMask = 2147483647;
			files = (
				9C6A619620142DC8003D43E6 /* SYJTabBarController.m in Sources */,
				9C6A617B20142CF8003D43E6 /* main.m in Sources */,
				9C6A619320142DC8003D43E6 /* SYJBaseViewController.m in Sources */,
				9C659D4720148073009DD5D0 /* FMDatabase.m in Sources */,
				9C6A619B20142EDA003D43E6 /* SYJLogInViewController.m in Sources */,
				9C659D4A20148073009DD5D0 /* FMDatabaseQueue.m in Sources */,
				9C659D4B20148073009DD5D0 /* FMResultSet.m in Sources */,
				9C6A61AD201432ED003D43E6 /* UIImage+SYJImage.m in Sources */,
				9C6A616D20142CF8003D43E6 /* AppDelegate.m in Sources */,
				9C6A619420142DC8003D43E6 /* SYJNavigationController.m in Sources */,
				9C659D4820148073009DD5D0 /* FMDatabaseAdditions.m in Sources */,
				9C6A61A72014309E003D43E6 /* SYJHomeViewController.m in Sources */,
				9C6A618820142D5C003D43E6 /* SYJChangeViewController.m in Sources */,
				9C659D4920148073009DD5D0 /* FMDatabasePool.m in Sources */,
				9C6A618920142D5C003D43E6 /* ZWIntroductionViewController.m in Sources */,
				9C6A61A120142FEC003D43E6 /* SYJMeViewController.m in Sources */,
			);
			runOnlyForDeploymentPostprocessing = 0;
		};
/* End PBXSourcesBuildPhase section */

/* Begin PBXVariantGroup section */
		9C6A617620142CF8003D43E6 /* LaunchScreen.storyboard */ = {
			isa = PBXVariantGroup;
			children = (
				9C6A617720142CF8003D43E6 /* Base */,
			);
			name = LaunchScreen.storyboard;
			sourceTree = "<group>";
		};
/* End PBXVariantGroup section */

/* Begin XCBuildConfiguration section */
		9C6A617C20142CF8003D43E6 /* Debug */ = {
			isa = XCBuildConfiguration;
			buildSettings = {
				ALWAYS_SEARCH_USER_PATHS = NO;
				CLANG_ANALYZER_NONNULL = YES;
				CLANG_ANALYZER_NUMBER_OBJECT_CONVERSION = YES_AGGRESSIVE;
				CLANG_CXX_LANGUAGE_STANDARD = "gnu++14";
				CLANG_CXX_LIBRARY = "libc++";
				CLANG_ENABLE_MODULES = YES;
				CLANG_ENABLE_OBJC_ARC = YES;
				CLANG_WARN_BLOCK_CAPTURE_AUTORELEASING = YES;
				CLANG_WARN_BOOL_CONVERSION = YES;
				CLANG_WARN_COMMA = YES;
				CLANG_WARN_CONSTANT_CONVERSION = YES;
				CLANG_WARN_DIRECT_OBJC_ISA_USAGE = YES_ERROR;
				CLANG_WARN_DOCUMENTATION_COMMENTS = YES;
				CLANG_WARN_EMPTY_BODY = YES;
				CLANG_WARN_ENUM_CONVERSION = YES;
				CLANG_WARN_INFINITE_RECURSION = YES;
				CLANG_WARN_INT_CONVERSION = YES;
				CLANG_WARN_NON_LITERAL_NULL_CONVERSION = YES;
				CLANG_WARN_OBJC_LITERAL_CONVERSION = YES;
				CLANG_WARN_OBJC_ROOT_CLASS = YES_ERROR;
				CLANG_WARN_RANGE_LOOP_ANALYSIS = YES;
				CLANG_WARN_STRICT_PROTOTYPES = YES;
				CLANG_WARN_SUSPICIOUS_MOVE = YES;
				CLANG_WARN_UNGUARDED_AVAILABILITY = YES_AGGRESSIVE;
				CLANG_WARN_UNREACHABLE_CODE = YES;
				CLANG_WARN__DUPLICATE_METHOD_MATCH = YES;
				CODE_SIGN_IDENTITY = "iPhone Developer";
				COPY_PHASE_STRIP = NO;
				DEBUG_INFORMATION_FORMAT = dwarf;
				ENABLE_STRICT_OBJC_MSGSEND = YES;
				ENABLE_TESTABILITY = YES;
				GCC_C_LANGUAGE_STANDARD = gnu11;
				GCC_DYNAMIC_NO_PIC = NO;
				GCC_NO_COMMON_BLOCKS = YES;
				GCC_OPTIMIZATION_LEVEL = 0;
				GCC_PREPROCESSOR_DEFINITIONS = (
					"DEBUG=1",
					"$(inherited)",
				);
				GCC_WARN_64_TO_32_BIT_CONVERSION = YES;
				GCC_WARN_ABOUT_RETURN_TYPE = YES_ERROR;
				GCC_WARN_UNDECLARED_SELECTOR = YES;
				GCC_WARN_UNINITIALIZED_AUTOS = YES_AGGRESSIVE;
				GCC_WARN_UNUSED_FUNCTION = YES;
				GCC_WARN_UNUSED_VARIABLE = YES;
				IPHONEOS_DEPLOYMENT_TARGET = 11.2;
				MTL_ENABLE_DEBUG_INFO = YES;
				ONLY_ACTIVE_ARCH = YES;
				SDKROOT = iphoneos;
			};
			name = Debug;
		};
		9C6A617D20142CF8003D43E6 /* Release */ = {
			isa = XCBuildConfiguration;
			buildSettings = {
				ALWAYS_SEARCH_USER_PATHS = NO;
				CLANG_ANALYZER_NONNULL = YES;
				CLANG_ANALYZER_NUMBER_OBJECT_CONVERSION = YES_AGGRESSIVE;
				CLANG_CXX_LANGUAGE_STANDARD = "gnu++14";
				CLANG_CXX_LIBRARY = "libc++";
				CLANG_ENABLE_MODULES = YES;
				CLANG_ENABLE_OBJC_ARC = YES;
				CLANG_WARN_BLOCK_CAPTURE_AUTORELEASING = YES;
				CLANG_WARN_BOOL_CONVERSION = YES;
				CLANG_WARN_COMMA = YES;
				CLANG_WARN_CONSTANT_CONVERSION = YES;
				CLANG_WARN_DIRECT_OBJC_ISA_USAGE = YES_ERROR;
				CLANG_WARN_DOCUMENTATION_COMMENTS = YES;
				CLANG_WARN_EMPTY_BODY = YES;
				CLANG_WARN_ENUM_CONVERSION = YES;
				CLANG_WARN_INFINITE_RECURSION = YES;
				CLANG_WARN_INT_CONVERSION = YES;
				CLANG_WARN_NON_LITERAL_NULL_CONVERSION = YES;
				CLANG_WARN_OBJC_LITERAL_CONVERSION = YES;
				CLANG_WARN_OBJC_ROOT_CLASS = YES_ERROR;
				CLANG_WARN_RANGE_LOOP_ANALYSIS = YES;
				CLANG_WARN_STRICT_PROTOTYPES = YES;
				CLANG_WARN_SUSPICIOUS_MOVE = YES;
				CLANG_WARN_UNGUARDED_AVAILABILITY = YES_AGGRESSIVE;
				CLANG_WARN_UNREACHABLE_CODE = YES;
				CLANG_WARN__DUPLICATE_METHOD_MATCH = YES;
				CODE_SIGN_IDENTITY = "iPhone Developer";
				COPY_PHASE_STRIP = NO;
				DEBUG_INFORMATION_FORMAT = "dwarf-with-dsym";
				ENABLE_NS_ASSERTIONS = NO;
				ENABLE_STRICT_OBJC_MSGSEND = YES;
				GCC_C_LANGUAGE_STANDARD = gnu11;
				GCC_NO_COMMON_BLOCKS = YES;
				GCC_WARN_64_TO_32_BIT_CONVERSION = YES;
				GCC_WARN_ABOUT_RETURN_TYPE = YES_ERROR;
				GCC_WARN_UNDECLARED_SELECTOR = YES;
				GCC_WARN_UNINITIALIZED_AUTOS = YES_AGGRESSIVE;
				GCC_WARN_UNUSED_FUNCTION = YES;
				GCC_WARN_UNUSED_VARIABLE = YES;
				IPHONEOS_DEPLOYMENT_TARGET = 11.2;
				MTL_ENABLE_DEBUG_INFO = NO;
				SDKROOT = iphoneos;
				VALIDATE_PRODUCT = YES;
			};
			name = Release;
		};
		9C6A617F20142CF8003D43E6 /* Debug */ = {
			isa = XCBuildConfiguration;
			buildSettings = {
				ASSETCATALOG_COMPILER_APPICON_NAME = AppIcon;
				CODE_SIGN_STYLE = Automatic;
				DEVELOPMENT_TEAM = 3PCREMRX9L;
				GCC_PREFIX_HEADER = "/Users/soso/Desktop/宠窝/宠窝/PrefixHeader.pch";
				INFOPLIST_FILE = "宠窝/Info.plist";
				LD_RUNPATH_SEARCH_PATHS = "$(inherited) @executable_path/Frameworks";
				PRODUCT_BUNDLE_IDENTIFIER = "ChongWo.--";
				PRODUCT_NAME = "$(TARGET_NAME)";
				TARGETED_DEVICE_FAMILY = "1,2";
			};
			name = Debug;
		};
		9C6A618020142CF8003D43E6 /* Release */ = {
			isa = XCBuildConfiguration;
			buildSettings = {
				ASSETCATALOG_COMPILER_APPICON_NAME = AppIcon;
				CODE_SIGN_STYLE = Automatic;
				DEVELOPMENT_TEAM = 3PCREMRX9L;
				GCC_PREFIX_HEADER = "/Users/soso/Desktop/宠窝/宠窝/PrefixHeader.pch";
				INFOPLIST_FILE = "宠窝/Info.plist";
				LD_RUNPATH_SEARCH_PATHS = "$(inherited) @executable_path/Frameworks";
				PRODUCT_BUNDLE_IDENTIFIER = "ChongWo.--";
				PRODUCT_NAME = "$(TARGET_NAME)";
				TARGETED_DEVICE_FAMILY = "1,2";
			};
			name = Release;
		};
/* End XCBuildConfiguration section */

/* Begin XCConfigurationList section */
		9C6A616320142CF8003D43E6 /* Build configuration list for PBXProject "宠窝" */ = {
			isa = XCConfigurationList;
			buildConfigurations = (
				9C6A617C20142CF8003D43E6 /* Debug */,
				9C6A617D20142CF8003D43E6 /* Release */,
			);
			defaultConfigurationIsVisible = 0;
			defaultConfigurationName = Release;
		};
		9C6A617E20142CF8003D43E6 /* Build configuration list for PBXNativeTarget "宠窝" */ = {
			isa = XCConfigurationList;
			buildConfigurations = (
				9C6A617F20142CF8003D43E6 /* Debug */,
				9C6A618020142CF8003D43E6 /* Release */,
			);
			defaultConfigurationIsVisible = 0;
			defaultConfigurationName = Release;
		};
/* End XCConfigurationList section */
	};
	rootObject = 9C6A616020142CF8003D43E6 /* Project object */;
}
