// !$*UTF8*$!
{
	archiveVersion = 1;
	classes = {
	};
	objectVersion = 48;
	objects = {

/* Begin PBXBuildFile section */
		9C16A08E20479E77009AE6B7 /* SYJGoodsInfo.m in Sources */ = {isa = PBXBuildFile; fileRef = 9C16A08D20479E77009AE6B7 /* SYJGoodsInfo.m */; };
		9C16A09020479F19009AE6B7 /* Goods.plist in Resources */ = {isa = PBXBuildFile; fileRef = 9C16A08F20479F19009AE6B7 /* Goods.plist */; };
		9C16A0932047B573009AE6B7 /* SYJmodel.m in Sources */ = {isa = PBXBuildFile; fileRef = 9C16A0922047B573009AE6B7 /* SYJmodel.m */; };
		9C16A09C2047DFB8009AE6B7 /* SYJbespeakViewController.m in Sources */ = {isa = PBXBuildFile; fileRef = 9C16A09A2047DFB8009AE6B7 /* SYJbespeakViewController.m */; };
		9C16A09D2047DFB8009AE6B7 /* SYJbespeakViewController.xib in Resources */ = {isa = PBXBuildFile; fileRef = 9C16A09B2047DFB8009AE6B7 /* SYJbespeakViewController.xib */; };
		9C16A0A12047E0A6009AE6B7 /* STPickerSingle.m in Sources */ = {isa = PBXBuildFile; fileRef = 9C16A0A02047E0A6009AE6B7 /* STPickerSingle.m */; };
		9C16A0A72047E0AE009AE6B7 /* NSCalendar+ST.m in Sources */ = {isa = PBXBuildFile; fileRef = 9C16A0A42047E0AD009AE6B7 /* NSCalendar+ST.m */; };
		9C16A0A82047E0AE009AE6B7 /* STPickerDate.m in Sources */ = {isa = PBXBuildFile; fileRef = 9C16A0A62047E0AD009AE6B7 /* STPickerDate.m */; };
		9C16A0B12047E199009AE6B7 /* STConst.m in Sources */ = {isa = PBXBuildFile; fileRef = 9C16A0AC2047E199009AE6B7 /* STConst.m */; };
		9C16A0B22047E199009AE6B7 /* STUI.m in Sources */ = {isa = PBXBuildFile; fileRef = 9C16A0AE2047E199009AE6B7 /* STUI.m */; };
		9C16A0B32047E199009AE6B7 /* UIView+ST.m in Sources */ = {isa = PBXBuildFile; fileRef = 9C16A0B02047E199009AE6B7 /* UIView+ST.m */; };
		9C16A0B62047E1B2009AE6B7 /* STToolbar.m in Sources */ = {isa = PBXBuildFile; fileRef = 9C16A0B52047E1B2009AE6B7 /* STToolbar.m */; };
		9C5C101A2045157E001DBD7F /* SYJOrderTableViewCell.m in Sources */ = {isa = PBXBuildFile; fileRef = 9C5C10182045157E001DBD7F /* SYJOrderTableViewCell.m */; };
		9C5C101B2045157E001DBD7F /* SYJOrderTableViewCell.xib in Resources */ = {isa = PBXBuildFile; fileRef = 9C5C10192045157E001DBD7F /* SYJOrderTableViewCell.xib */; };
		9C5C102020454C39001DBD7F /* SYJWriteViewController.m in Sources */ = {isa = PBXBuildFile; fileRef = 9C5C101E20454C39001DBD7F /* SYJWriteViewController.m */; };
		9C5CBE16201C1B7100D48401 /* YTKKeyValueStore.m in Sources */ = {isa = PBXBuildFile; fileRef = 9C5CBE15201C1B7100D48401 /* YTKKeyValueStore.m */; };
		9C5CBE77201C235800D48401 /* MBProgressHUD.m in Sources */ = {isa = PBXBuildFile; fileRef = 9C5CBE75201C235800D48401 /* MBProgressHUD.m */; };
		9C5CBE7A201C245E00D48401 /* SYJProgressHUD.m in Sources */ = {isa = PBXBuildFile; fileRef = 9C5CBE79201C245E00D48401 /* SYJProgressHUD.m */; };
		9C659D4720148073009DD5D0 /* FMDatabase.m in Sources */ = {isa = PBXBuildFile; fileRef = 9C659D3D20148073009DD5D0 /* FMDatabase.m */; };
		9C659D4820148073009DD5D0 /* FMDatabaseAdditions.m in Sources */ = {isa = PBXBuildFile; fileRef = 9C659D3F20148073009DD5D0 /* FMDatabaseAdditions.m */; };
		9C659D4920148073009DD5D0 /* FMDatabasePool.m in Sources */ = {isa = PBXBuildFile; fileRef = 9C659D4120148073009DD5D0 /* FMDatabasePool.m */; };
		9C659D4A20148073009DD5D0 /* FMDatabaseQueue.m in Sources */ = {isa = PBXBuildFile; fileRef = 9C659D4320148073009DD5D0 /* FMDatabaseQueue.m */; };
		9C659D4B20148073009DD5D0 /* FMResultSet.m in Sources */ = {isa = PBXBuildFile; fileRef = 9C659D4620148073009DD5D0 /* FMResultSet.m */; };
		9C659D4E201481C0009DD5D0 /* libsqlite3.tbd in Frameworks */ = {isa = PBXBuildFile; fileRef = 9C659D4D201481C0009DD5D0 /* libsqlite3.tbd */; };
		9C6A616D20142CF8003D43E6 /* AppDelegate.m in Sources */ = {isa = PBXBuildFile; fileRef = 9C6A616C20142CF8003D43E6 /* AppDelegate.m */; };
		9C6A617520142CF8003D43E6 /* Assets.xcassets in Resources */ = {isa = PBXBuildFile; fileRef = 9C6A617420142CF8003D43E6 /* Assets.xcassets */; };
		9C6A617820142CF8003D43E6 /* LaunchScreen.storyboard in Resources */ = {isa = PBXBuildFile; fileRef = 9C6A617620142CF8003D43E6 /* LaunchScreen.storyboard */; };
		9C6A617B20142CF8003D43E6 /* main.m in Sources */ = {isa = PBXBuildFile; fileRef = 9C6A617A20142CF8003D43E6 /* main.m */; };
		9C6A618820142D5C003D43E6 /* SYJChangeViewController.m in Sources */ = {isa = PBXBuildFile; fileRef = 9C6A618520142D5C003D43E6 /* SYJChangeViewController.m */; };
		9C6A618920142D5C003D43E6 /* ZWIntroductionViewController.m in Sources */ = {isa = PBXBuildFile; fileRef = 9C6A618720142D5C003D43E6 /* ZWIntroductionViewController.m */; };
		9C6A619320142DC8003D43E6 /* SYJBaseViewController.m in Sources */ = {isa = PBXBuildFile; fileRef = 9C6A618C20142DC8003D43E6 /* SYJBaseViewController.m */; };
		9C6A619420142DC8003D43E6 /* SYJNavigationController.m in Sources */ = {isa = PBXBuildFile; fileRef = 9C6A618E20142DC8003D43E6 /* SYJNavigationController.m */; };
		9C6A619620142DC8003D43E6 /* SYJTabBarController.m in Sources */ = {isa = PBXBuildFile; fileRef = 9C6A619220142DC8003D43E6 /* SYJTabBarController.m */; };
		9C6A619B20142EDA003D43E6 /* SYJLogInViewController.m in Sources */ = {isa = PBXBuildFile; fileRef = 9C6A619920142EDA003D43E6 /* SYJLogInViewController.m */; };
		9C6A619C20142EDA003D43E6 /* SYJLogInViewController.xib in Resources */ = {isa = PBXBuildFile; fileRef = 9C6A619A20142EDA003D43E6 /* SYJLogInViewController.xib */; };
		9C6A61A120142FEC003D43E6 /* SYJMeViewController.m in Sources */ = {isa = PBXBuildFile; fileRef = 9C6A619F20142FEC003D43E6 /* SYJMeViewController.m */; };
		9C6A61A220142FEC003D43E6 /* SYJMeViewController.xib in Resources */ = {isa = PBXBuildFile; fileRef = 9C6A61A020142FEC003D43E6 /* SYJMeViewController.xib */; };
		9C6A61A72014309E003D43E6 /* SYJHomeViewController.m in Sources */ = {isa = PBXBuildFile; fileRef = 9C6A61A52014309E003D43E6 /* SYJHomeViewController.m */; };
		9C6A61AD201432ED003D43E6 /* UIImage+SYJImage.m in Sources */ = {isa = PBXBuildFile; fileRef = 9C6A61AC201432ED003D43E6 /* UIImage+SYJImage.m */; };
		9C7E4D79201822F0001C8C7F /* SYJHomeTableViewCell.m in Sources */ = {isa = PBXBuildFile; fileRef = 9C7E4D77201822F0001C8C7F /* SYJHomeTableViewCell.m */; };
		9C7E4D7A201822F0001C8C7F /* SYJHomeTableViewCell.xib in Resources */ = {isa = PBXBuildFile; fileRef = 9C7E4D78201822F0001C8C7F /* SYJHomeTableViewCell.xib */; };
		9C7E4D8120185BD7001C8C7F /* SYJminiTableViewCell.m in Sources */ = {isa = PBXBuildFile; fileRef = 9C7E4D7F20185BD7001C8C7F /* SYJminiTableViewCell.m */; };
		9C7E4D8220185BD7001C8C7F /* SYJminiTableViewCell.xib in Resources */ = {isa = PBXBuildFile; fileRef = 9C7E4D8020185BD7001C8C7F /* SYJminiTableViewCell.xib */; };
		9CB54C98204659EB003A0B30 /* SYJPhotoTableViewCell.m in Sources */ = {isa = PBXBuildFile; fileRef = 9CB54C95204659EB003A0B30 /* SYJPhotoTableViewCell.m */; };
		9CB54C99204659EB003A0B30 /* SYJPhotoTableViewCell.xib in Resources */ = {isa = PBXBuildFile; fileRef = 9CB54C97204659EB003A0B30 /* SYJPhotoTableViewCell.xib */; };
		9CB54C9D20465D07003A0B30 /* SYJphotoCollectionViewCell.m in Sources */ = {isa = PBXBuildFile; fileRef = 9CB54C9B20465D07003A0B30 /* SYJphotoCollectionViewCell.m */; };
		9CB54C9E20465D07003A0B30 /* SYJphotoCollectionViewCell.xib in Resources */ = {isa = PBXBuildFile; fileRef = 9CB54C9C20465D07003A0B30 /* SYJphotoCollectionViewCell.xib */; };
		9CB54CA220468AFF003A0B30 /* SYJGoodsTableViewCell.m in Sources */ = {isa = PBXBuildFile; fileRef = 9CB54CA020468AFF003A0B30 /* SYJGoodsTableViewCell.m */; };
		9CB54CA320468AFF003A0B30 /* SYJGoodsTableViewCell.xib in Resources */ = {isa = PBXBuildFile; fileRef = 9CB54CA120468AFF003A0B30 /* SYJGoodsTableViewCell.xib */; };
		9CB54CA720469329003A0B30 /* SYJParameterTableViewCell.m in Sources */ = {isa = PBXBuildFile; fileRef = 9CB54CA520469329003A0B30 /* SYJParameterTableViewCell.m */; };
		9CB54CA820469329003A0B30 /* SYJParameterTableViewCell.xib in Resources */ = {isa = PBXBuildFile; fileRef = 9CB54CA620469329003A0B30 /* SYJParameterTableViewCell.xib */; };
		9CBE14002019B9F900599D65 /* SYJInfoViewController.m in Sources */ = {isa = PBXBuildFile; fileRef = 9CBE13FF2019B9F900599D65 /* SYJInfoViewController.m */; };
		9CBE14042019BECC00599D65 /* SYJMoreViewController.m in Sources */ = {isa = PBXBuildFile; fileRef = 9CBE14032019BECC00599D65 /* SYJMoreViewController.m */; };
		9CFCBC7020492BAA00E8BBC4 /* 1.jpg in Resources */ = {isa = PBXBuildFile; fileRef = 9CFCBC6720492BAA00E8BBC4 /* 1.jpg */; };
		9CFCBC7120492BAA00E8BBC4 /* 2.jpg in Resources */ = {isa = PBXBuildFile; fileRef = 9CFCBC6820492BAA00E8BBC4 /* 2.jpg */; };
		9CFCBC7220492BAA00E8BBC4 /* 3.jpg in Resources */ = {isa = PBXBuildFile; fileRef = 9CFCBC6920492BAA00E8BBC4 /* 3.jpg */; };
		9CFCBC7320492BAA00E8BBC4 /* 4.jpg in Resources */ = {isa = PBXBuildFile; fileRef = 9CFCBC6A20492BAA00E8BBC4 /* 4.jpg */; };
		9CFCBC7420492BAA00E8BBC4 /* 5.png in Resources */ = {isa = PBXBuildFile; fileRef = 9CFCBC6B20492BAA00E8BBC4 /* 5.png */; };
		9CFCBC7520492BAA00E8BBC4 /* 6.png in Resources */ = {isa = PBXBuildFile; fileRef = 9CFCBC6C20492BAA00E8BBC4 /* 6.png */; };
		9CFCBC7620492BAA00E8BBC4 /* 7.png in Resources */ = {isa = PBXBuildFile; fileRef = 9CFCBC6D20492BAA00E8BBC4 /* 7.png */; };
		9CFCBC7720492BAA00E8BBC4 /* 8.png in Resources */ = {isa = PBXBuildFile; fileRef = 9CFCBC6E20492BAA00E8BBC4 /* 8.png */; };
		9CFCBC7820492BAA00E8BBC4 /* 9.png in Resources */ = {isa = PBXBuildFile; fileRef = 9CFCBC6F20492BAA00E8BBC4 /* 9.png */; };
/* End PBXBuildFile section */

/* Begin PBXFileReference section */
		9C16A08C20479E77009AE6B7 /* SYJGoodsInfo.h */ = {isa = PBXFileReference; lastKnownFileType = sourcecode.c.h; path = SYJGoodsInfo.h; sourceTree = "<group>"; };
		9C16A08D20479E77009AE6B7 /* SYJGoodsInfo.m */ = {isa = PBXFileReference; lastKnownFileType = sourcecode.c.objc; path = SYJGoodsInfo.m; sourceTree = "<group>"; };
		9C16A08F20479F19009AE6B7 /* Goods.plist */ = {isa = PBXFileReference; lastKnownFileType = text.plist.xml; path = Goods.plist; sourceTree = "<group>"; };
		9C16A0912047B573009AE6B7 /* SYJmodel.h */ = {isa = PBXFileReference; lastKnownFileType = sourcecode.c.h; path = SYJmodel.h; sourceTree = "<group>"; };
		9C16A0922047B573009AE6B7 /* SYJmodel.m */ = {isa = PBXFileReference; lastKnownFileType = sourcecode.c.objc; path = SYJmodel.m; sourceTree = "<group>"; };
		9C16A0992047DFB8009AE6B7 /* SYJbespeakViewController.h */ = {isa = PBXFileReference; lastKnownFileType = sourcecode.c.h; path = SYJbespeakViewController.h; sourceTree = "<group>"; };
		9C16A09A2047DFB8009AE6B7 /* SYJbespeakViewController.m */ = {isa = PBXFileReference; lastKnownFileType = sourcecode.c.objc; path = SYJbespeakViewController.m; sourceTree = "<group>"; };
		9C16A09B2047DFB8009AE6B7 /* SYJbespeakViewController.xib */ = {isa = PBXFileReference; lastKnownFileType = file.xib; path = SYJbespeakViewController.xib; sourceTree = "<group>"; };
		9C16A09F2047E0A6009AE6B7 /* STPickerSingle.h */ = {isa = PBXFileReference; fileEncoding = 4; lastKnownFileType = sourcecode.c.h; path = STPickerSingle.h; sourceTree = "<group>"; };
		9C16A0A02047E0A6009AE6B7 /* STPickerSingle.m */ = {isa = PBXFileReference; fileEncoding = 4; lastKnownFileType = sourcecode.c.objc; path = STPickerSingle.m; sourceTree = "<group>"; };
		9C16A0A32047E0AD009AE6B7 /* NSCalendar+ST.h */ = {isa = PBXFileReference; fileEncoding = 4; lastKnownFileType = sourcecode.c.h; path = "NSCalendar+ST.h"; sourceTree = "<group>"; };
		9C16A0A42047E0AD009AE6B7 /* NSCalendar+ST.m */ = {isa = PBXFileReference; fileEncoding = 4; lastKnownFileType = sourcecode.c.objc; path = "NSCalendar+ST.m"; sourceTree = "<group>"; };
		9C16A0A52047E0AD009AE6B7 /* STPickerDate.h */ = {isa = PBXFileReference; fileEncoding = 4; lastKnownFileType = sourcecode.c.h; path = STPickerDate.h; sourceTree = "<group>"; };
		9C16A0A62047E0AD009AE6B7 /* STPickerDate.m */ = {isa = PBXFileReference; fileEncoding = 4; lastKnownFileType = sourcecode.c.objc; path = STPickerDate.m; sourceTree = "<group>"; };
		9C16A0AA2047E199009AE6B7 /* STConfig.h */ = {isa = PBXFileReference; fileEncoding = 4; lastKnownFileType = sourcecode.c.h; path = STConfig.h; sourceTree = "<group>"; };
		9C16A0AB2047E199009AE6B7 /* STConst.h */ = {isa = PBXFileReference; fileEncoding = 4; lastKnownFileType = sourcecode.c.h; path = STConst.h; sourceTree = "<group>"; };
		9C16A0AC2047E199009AE6B7 /* STConst.m */ = {isa = PBXFileReference; fileEncoding = 4; lastKnownFileType = sourcecode.c.objc; path = STConst.m; sourceTree = "<group>"; };
		9C16A0AD2047E199009AE6B7 /* STUI.h */ = {isa = PBXFileReference; fileEncoding = 4; lastKnownFileType = sourcecode.c.h; path = STUI.h; sourceTree = "<group>"; };
		9C16A0AE2047E199009AE6B7 /* STUI.m */ = {isa = PBXFileReference; fileEncoding = 4; lastKnownFileType = sourcecode.c.objc; path = STUI.m; sourceTree = "<group>"; };
		9C16A0AF2047E199009AE6B7 /* UIView+ST.h */ = {isa = PBXFileReference; fileEncoding = 4; lastKnownFileType = sourcecode.c.h; path = "UIView+ST.h"; sourceTree = "<group>"; };
		9C16A0B02047E199009AE6B7 /* UIView+ST.m */ = {isa = PBXFileReference; fileEncoding = 4; lastKnownFileType = sourcecode.c.objc; path = "UIView+ST.m"; sourceTree = "<group>"; };
		9C16A0B42047E1B2009AE6B7 /* STToolbar.h */ = {isa = PBXFileReference; fileEncoding = 4; lastKnownFileType = sourcecode.c.h; path = STToolbar.h; sourceTree = "<group>"; };
		9C16A0B52047E1B2009AE6B7 /* STToolbar.m */ = {isa = PBXFileReference; fileEncoding = 4; lastKnownFileType = sourcecode.c.objc; path = STToolbar.m; sourceTree = "<group>"; };
		9C5C10172045157E001DBD7F /* SYJOrderTableViewCell.h */ = {isa = PBXFileReference; lastKnownFileType = sourcecode.c.h; path = SYJOrderTableViewCell.h; sourceTree = "<group>"; };
		9C5C10182045157E001DBD7F /* SYJOrderTableViewCell.m */ = {isa = PBXFileReference; lastKnownFileType = sourcecode.c.objc; path = SYJOrderTableViewCell.m; sourceTree = "<group>"; };
		9C5C10192045157E001DBD7F /* SYJOrderTableViewCell.xib */ = {isa = PBXFileReference; lastKnownFileType = file.xib; path = SYJOrderTableViewCell.xib; sourceTree = "<group>"; };
		9C5C101D20454C39001DBD7F /* SYJWriteViewController.h */ = {isa = PBXFileReference; lastKnownFileType = sourcecode.c.h; path = SYJWriteViewController.h; sourceTree = "<group>"; };
		9C5C101E20454C39001DBD7F /* SYJWriteViewController.m */ = {isa = PBXFileReference; lastKnownFileType = sourcecode.c.objc; path = SYJWriteViewController.m; sourceTree = "<group>"; };
		9C5CBE14201C1B7100D48401 /* YTKKeyValueStore.h */ = {isa = PBXFileReference; fileEncoding = 4; lastKnownFileType = sourcecode.c.h; path = YTKKeyValueStore.h; sourceTree = "<group>"; };
		9C5CBE15201C1B7100D48401 /* YTKKeyValueStore.m */ = {isa = PBXFileReference; fileEncoding = 4; lastKnownFileType = sourcecode.c.objc; path = YTKKeyValueStore.m; sourceTree = "<group>"; };
		9C5CBE75201C235800D48401 /* MBProgressHUD.m */ = {isa = PBXFileReference; fileEncoding = 4; lastKnownFileType = sourcecode.c.objc; path = MBProgressHUD.m; sourceTree = "<group>"; };
		9C5CBE76201C235800D48401 /* MBProgressHUD.h */ = {isa = PBXFileReference; fileEncoding = 4; lastKnownFileType = sourcecode.c.h; path = MBProgressHUD.h; sourceTree = "<group>"; };
		9C5CBE78201C245D00D48401 /* SYJProgressHUD.h */ = {isa = PBXFileReference; fileEncoding = 4; lastKnownFileType = sourcecode.c.h; path = SYJProgressHUD.h; sourceTree = "<group>"; };
		9C5CBE79201C245E00D48401 /* SYJProgressHUD.m */ = {isa = PBXFileReference; fileEncoding = 4; lastKnownFileType = sourcecode.c.objc; path = SYJProgressHUD.m; sourceTree = "<group>"; };
		9C659D3C20148073009DD5D0 /* FMDatabase.h */ = {isa = PBXFileReference; fileEncoding = 4; lastKnownFileType = sourcecode.c.h; path = FMDatabase.h; sourceTree = "<group>"; };
		9C659D3D20148073009DD5D0 /* FMDatabase.m */ = {isa = PBXFileReference; fileEncoding = 4; lastKnownFileType = sourcecode.c.objc; path = FMDatabase.m; sourceTree = "<group>"; };
		9C659D3E20148073009DD5D0 /* FMDatabaseAdditions.h */ = {isa = PBXFileReference; fileEncoding = 4; lastKnownFileType = sourcecode.c.h; path = FMDatabaseAdditions.h; sourceTree = "<group>"; };
		9C659D3F20148073009DD5D0 /* FMDatabaseAdditions.m */ = {isa = PBXFileReference; fileEncoding = 4; lastKnownFileType = sourcecode.c.objc; path = FMDatabaseAdditions.m; sourceTree = "<group>"; };
		9C659D4020148073009DD5D0 /* FMDatabasePool.h */ = {isa = PBXFileReference; fileEncoding = 4; lastKnownFileType = sourcecode.c.h; path = FMDatabasePool.h; sourceTree = "<group>"; };
		9C659D4120148073009DD5D0 /* FMDatabasePool.m */ = {isa = PBXFileReference; fileEncoding = 4; lastKnownFileType = sourcecode.c.objc; path = FMDatabasePool.m; sourceTree = "<group>"; };
		9C659D4220148073009DD5D0 /* FMDatabaseQueue.h */ = {isa = PBXFileReference; fileEncoding = 4; lastKnownFileType = sourcecode.c.h; path = FMDatabaseQueue.h; sourceTree = "<group>"; };
		9C659D4320148073009DD5D0 /* FMDatabaseQueue.m */ = {isa = PBXFileReference; fileEncoding = 4; lastKnownFileType = sourcecode.c.objc; path = FMDatabaseQueue.m; sourceTree = "<group>"; };
		9C659D4420148073009DD5D0 /* FMDB.h */ = {isa = PBXFileReference; fileEncoding = 4; lastKnownFileType = sourcecode.c.h; path = FMDB.h; sourceTree = "<group>"; };
		9C659D4520148073009DD5D0 /* FMResultSet.h */ = {isa = PBXFileReference; fileEncoding = 4; lastKnownFileType = sourcecode.c.h; path = FMResultSet.h; sourceTree = "<group>"; };
		9C659D4620148073009DD5D0 /* FMResultSet.m */ = {isa = PBXFileReference; fileEncoding = 4; lastKnownFileType = sourcecode.c.objc; path = FMResultSet.m; sourceTree = "<group>"; };
		9C659D4D201481C0009DD5D0 /* libsqlite3.tbd */ = {isa = PBXFileReference; lastKnownFileType = "sourcecode.text-based-dylib-definition"; name = libsqlite3.tbd; path = usr/lib/libsqlite3.tbd; sourceTree = SDKROOT; };
		9C6A616820142CF8003D43E6 /* 宠窝.app */ = {isa = PBXFileReference; explicitFileType = wrapper.application; includeInIndex = 0; path = "宠窝.app"; sourceTree = BUILT_PRODUCTS_DIR; };
		9C6A616B20142CF8003D43E6 /* AppDelegate.h */ = {isa = PBXFileReference; lastKnownFileType = sourcecode.c.h; path = AppDelegate.h; sourceTree = "<group>"; };
		9C6A616C20142CF8003D43E6 /* AppDelegate.m */ = {isa = PBXFileReference; lastKnownFileType = sourcecode.c.objc; path = AppDelegate.m; sourceTree = "<group>"; };
		9C6A617420142CF8003D43E6 /* Assets.xcassets */ = {isa = PBXFileReference; lastKnownFileType = folder.assetcatalog; path = Assets.xcassets; sourceTree = "<group>"; };
		9C6A617720142CF8003D43E6 /* Base */ = {isa = PBXFileReference; lastKnownFileType = file.storyboard; name = Base; path = Base.lproj/LaunchScreen.storyboard; sourceTree = "<group>"; };
		9C6A617920142CF8003D43E6 /* Info.plist */ = {isa = PBXFileReference; lastKnownFileType = text.plist.xml; path = Info.plist; sourceTree = "<group>"; };
		9C6A617A20142CF8003D43E6 /* main.m */ = {isa = PBXFileReference; lastKnownFileType = sourcecode.c.objc; path = main.m; sourceTree = "<group>"; };
		9C6A618420142D5C003D43E6 /* SYJChangeViewController.h */ = {isa = PBXFileReference; fileEncoding = 4; lastKnownFileType = sourcecode.c.h; path = SYJChangeViewController.h; sourceTree = "<group>"; };
		9C6A618520142D5C003D43E6 /* SYJChangeViewController.m */ = {isa = PBXFileReference; fileEncoding = 4; lastKnownFileType = sourcecode.c.objc; path = SYJChangeViewController.m; sourceTree = "<group>"; };
		9C6A618620142D5C003D43E6 /* ZWIntroductionViewController.h */ = {isa = PBXFileReference; fileEncoding = 4; lastKnownFileType = sourcecode.c.h; path = ZWIntroductionViewController.h; sourceTree = "<group>"; };
		9C6A618720142D5C003D43E6 /* ZWIntroductionViewController.m */ = {isa = PBXFileReference; fileEncoding = 4; lastKnownFileType = sourcecode.c.objc; path = ZWIntroductionViewController.m; sourceTree = "<group>"; };
		9C6A618B20142DC8003D43E6 /* SYJBaseViewController.h */ = {isa = PBXFileReference; fileEncoding = 4; lastKnownFileType = sourcecode.c.h; path = SYJBaseViewController.h; sourceTree = "<group>"; };
		9C6A618C20142DC8003D43E6 /* SYJBaseViewController.m */ = {isa = PBXFileReference; fileEncoding = 4; lastKnownFileType = sourcecode.c.objc; path = SYJBaseViewController.m; sourceTree = "<group>"; };
		9C6A618D20142DC8003D43E6 /* SYJNavigationController.h */ = {isa = PBXFileReference; fileEncoding = 4; lastKnownFileType = sourcecode.c.h; path = SYJNavigationController.h; sourceTree = "<group>"; };
		9C6A618E20142DC8003D43E6 /* SYJNavigationController.m */ = {isa = PBXFileReference; fileEncoding = 4; lastKnownFileType = sourcecode.c.objc; path = SYJNavigationController.m; sourceTree = "<group>"; };
		9C6A619120142DC8003D43E6 /* SYJTabBarController.h */ = {isa = PBXFileReference; fileEncoding = 4; lastKnownFileType = sourcecode.c.h; path = SYJTabBarController.h; sourceTree = "<group>"; };
		9C6A619220142DC8003D43E6 /* SYJTabBarController.m */ = {isa = PBXFileReference; fileEncoding = 4; lastKnownFileType = sourcecode.c.objc; path = SYJTabBarController.m; sourceTree = "<group>"; };
		9C6A619820142EDA003D43E6 /* SYJLogInViewController.h */ = {isa = PBXFileReference; lastKnownFileType = sourcecode.c.h; path = SYJLogInViewController.h; sourceTree = "<group>"; };
		9C6A619920142EDA003D43E6 /* SYJLogInViewController.m */ = {isa = PBXFileReference; lastKnownFileType = sourcecode.c.objc; path = SYJLogInViewController.m; sourceTree = "<group>"; };
		9C6A619A20142EDA003D43E6 /* SYJLogInViewController.xib */ = {isa = PBXFileReference; lastKnownFileType = file.xib; path = SYJLogInViewController.xib; sourceTree = "<group>"; };
		9C6A619E20142FEC003D43E6 /* SYJMeViewController.h */ = {isa = PBXFileReference; lastKnownFileType = sourcecode.c.h; path = SYJMeViewController.h; sourceTree = "<group>"; };
		9C6A619F20142FEC003D43E6 /* SYJMeViewController.m */ = {isa = PBXFileReference; lastKnownFileType = sourcecode.c.objc; path = SYJMeViewController.m; sourceTree = "<group>"; };
		9C6A61A020142FEC003D43E6 /* SYJMeViewController.xib */ = {isa = PBXFileReference; lastKnownFileType = file.xib; path = SYJMeViewController.xib; sourceTree = "<group>"; };
		9C6A61A42014309E003D43E6 /* SYJHomeViewController.h */ = {isa = PBXFileReference; lastKnownFileType = sourcecode.c.h; path = SYJHomeViewController.h; sourceTree = "<group>"; };
		9C6A61A52014309E003D43E6 /* SYJHomeViewController.m */ = {isa = PBXFileReference; lastKnownFileType = sourcecode.c.objc; path = SYJHomeViewController.m; sourceTree = "<group>"; };
		9C6A61A9201430F5003D43E6 /* PrefixHeader.pch */ = {isa = PBXFileReference; lastKnownFileType = sourcecode.c.h; path = PrefixHeader.pch; sourceTree = "<group>"; };
		9C6A61AB201432ED003D43E6 /* UIImage+SYJImage.h */ = {isa = PBXFileReference; fileEncoding = 4; lastKnownFileType = sourcecode.c.h; path = "UIImage+SYJImage.h"; sourceTree = "<group>"; };
		9C6A61AC201432ED003D43E6 /* UIImage+SYJImage.m */ = {isa = PBXFileReference; fileEncoding = 4; lastKnownFileType = sourcecode.c.objc; path = "UIImage+SYJImage.m"; sourceTree = "<group>"; };
		9C7E4D76201822F0001C8C7F /* SYJHomeTableViewCell.h */ = {isa = PBXFileReference; lastKnownFileType = sourcecode.c.h; path = SYJHomeTableViewCell.h; sourceTree = "<group>"; };
		9C7E4D77201822F0001C8C7F /* SYJHomeTableViewCell.m */ = {isa = PBXFileReference; lastKnownFileType = sourcecode.c.objc; path = SYJHomeTableViewCell.m; sourceTree = "<group>"; };
		9C7E4D78201822F0001C8C7F /* SYJHomeTableViewCell.xib */ = {isa = PBXFileReference; lastKnownFileType = file.xib; path = SYJHomeTableViewCell.xib; sourceTree = "<group>"; };
		9C7E4D7E20185BD7001C8C7F /* SYJminiTableViewCell.h */ = {isa = PBXFileReference; lastKnownFileType = sourcecode.c.h; path = SYJminiTableViewCell.h; sourceTree = "<group>"; };
		9C7E4D7F20185BD7001C8C7F /* SYJminiTableViewCell.m */ = {isa = PBXFileReference; lastKnownFileType = sourcecode.c.objc; path = SYJminiTableViewCell.m; sourceTree = "<group>"; };
		9C7E4D8020185BD7001C8C7F /* SYJminiTableViewCell.xib */ = {isa = PBXFileReference; lastKnownFileType = file.xib; path = SYJminiTableViewCell.xib; sourceTree = "<group>"; };
		9CB54C95204659EB003A0B30 /* SYJPhotoTableViewCell.m */ = {isa = PBXFileReference; fileEncoding = 4; lastKnownFileType = sourcecode.c.objc; path = SYJPhotoTableViewCell.m; sourceTree = "<group>"; };
		9CB54C96204659EB003A0B30 /* SYJPhotoTableViewCell.h */ = {isa = PBXFileReference; fileEncoding = 4; lastKnownFileType = sourcecode.c.h; path = SYJPhotoTableViewCell.h; sourceTree = "<group>"; };
		9CB54C97204659EB003A0B30 /* SYJPhotoTableViewCell.xib */ = {isa = PBXFileReference; fileEncoding = 4; lastKnownFileType = file.xib; path = SYJPhotoTableViewCell.xib; sourceTree = "<group>"; };
		9CB54C9A20465D07003A0B30 /* SYJphotoCollectionViewCell.h */ = {isa = PBXFileReference; lastKnownFileType = sourcecode.c.h; path = SYJphotoCollectionViewCell.h; sourceTree = "<group>"; };
		9CB54C9B20465D07003A0B30 /* SYJphotoCollectionViewCell.m */ = {isa = PBXFileReference; lastKnownFileType = sourcecode.c.objc; path = SYJphotoCollectionViewCell.m; sourceTree = "<group>"; };
		9CB54C9C20465D07003A0B30 /* SYJphotoCollectionViewCell.xib */ = {isa = PBXFileReference; lastKnownFileType = file.xib; path = SYJphotoCollectionViewCell.xib; sourceTree = "<group>"; };
		9CB54C9F20468AFF003A0B30 /* SYJGoodsTableViewCell.h */ = {isa = PBXFileReference; lastKnownFileType = sourcecode.c.h; path = SYJGoodsTableViewCell.h; sourceTree = "<group>"; };
		9CB54CA020468AFF003A0B30 /* SYJGoodsTableViewCell.m */ = {isa = PBXFileReference; lastKnownFileType = sourcecode.c.objc; path = SYJGoodsTableViewCell.m; sourceTree = "<group>"; };
		9CB54CA120468AFF003A0B30 /* SYJGoodsTableViewCell.xib */ = {isa = PBXFileReference; lastKnownFileType = file.xib; path = SYJGoodsTableViewCell.xib; sourceTree = "<group>"; };
		9CB54CA420469328003A0B30 /* SYJParameterTableViewCell.h */ = {isa = PBXFileReference; lastKnownFileType = sourcecode.c.h; path = SYJParameterTableViewCell.h; sourceTree = "<group>"; };
		9CB54CA520469329003A0B30 /* SYJParameterTableViewCell.m */ = {isa = PBXFileReference; lastKnownFileType = sourcecode.c.objc; path = SYJParameterTableViewCell.m; sourceTree = "<group>"; };
		9CB54CA620469329003A0B30 /* SYJParameterTableViewCell.xib */ = {isa = PBXFileReference; lastKnownFileType = file.xib; path = SYJParameterTableViewCell.xib; sourceTree = "<group>"; };
		9CBE13FE2019B9F900599D65 /* SYJInfoViewController.h */ = {isa = PBXFileReference; lastKnownFileType = sourcecode.c.h; path = SYJInfoViewController.h; sourceTree = "<group>"; };
		9CBE13FF2019B9F900599D65 /* SYJInfoViewController.m */ = {isa = PBXFileReference; lastKnownFileType = sourcecode.c.objc; path = SYJInfoViewController.m; sourceTree = "<group>"; };
		9CBE14022019BECC00599D65 /* SYJMoreViewController.h */ = {isa = PBXFileReference; lastKnownFileType = sourcecode.c.h; path = SYJMoreViewController.h; sourceTree = "<group>"; };
		9CBE14032019BECC00599D65 /* SYJMoreViewController.m */ = {isa = PBXFileReference; lastKnownFileType = sourcecode.c.objc; path = SYJMoreViewController.m; sourceTree = "<group>"; };
		9CFCBC6720492BAA00E8BBC4 /* 1.jpg */ = {isa = PBXFileReference; lastKnownFileType = image.jpeg; path = 1.jpg; sourceTree = "<group>"; };
		9CFCBC6820492BAA00E8BBC4 /* 2.jpg */ = {isa = PBXFileReference; lastKnownFileType = image.jpeg; path = 2.jpg; sourceTree = "<group>"; };
		9CFCBC6920492BAA00E8BBC4 /* 3.jpg */ = {isa = PBXFileReference; lastKnownFileType = image.jpeg; path = 3.jpg; sourceTree = "<group>"; };
		9CFCBC6A20492BAA00E8BBC4 /* 4.jpg */ = {isa = PBXFileReference; lastKnownFileType = image.jpeg; path = 4.jpg; sourceTree = "<group>"; };
		9CFCBC6B20492BAA00E8BBC4 /* 5.png */ = {isa = PBXFileReference; lastKnownFileType = image.png; path = 5.png; sourceTree = "<group>"; };
		9CFCBC6C20492BAA00E8BBC4 /* 6.png */ = {isa = PBXFileReference; lastKnownFileType = image.png; path = 6.png; sourceTree = "<group>"; };
		9CFCBC6D20492BAA00E8BBC4 /* 7.png */ = {isa = PBXFileReference; lastKnownFileType = image.png; path = 7.png; sourceTree = "<group>"; };
		9CFCBC6E20492BAA00E8BBC4 /* 8.png */ = {isa = PBXFileReference; lastKnownFileType = image.png; path = 8.png; sourceTree = "<group>"; };
		9CFCBC6F20492BAA00E8BBC4 /* 9.png */ = {isa = PBXFileReference; lastKnownFileType = image.png; path = 9.png; sourceTree = "<group>"; };
/* End PBXFileReference section */

/* Begin PBXFrameworksBuildPhase section */
		9C6A616520142CF8003D43E6 /* Frameworks */ = {
			isa = PBXFrameworksBuildPhase;
			buildActionMask = 2147483647;
			files = (
				9C659D4E201481C0009DD5D0 /* libsqlite3.tbd in Frameworks */,
			);
			runOnlyForDeploymentPostprocessing = 0;
		};
/* End PBXFrameworksBuildPhase section */

/* Begin PBXGroup section */
		9C16A09E2047E0A6009AE6B7 /* Single(单数组) */ = {
			isa = PBXGroup;
			children = (
				9C16A09F2047E0A6009AE6B7 /* STPickerSingle.h */,
				9C16A0A02047E0A6009AE6B7 /* STPickerSingle.m */,
			);
			path = "Single(单数组)";
			sourceTree = "<group>";
		};
		9C16A0A22047E0AD009AE6B7 /* Date(日期) */ = {
			isa = PBXGroup;
			children = (
				9C16A0A32047E0AD009AE6B7 /* NSCalendar+ST.h */,
				9C16A0A42047E0AD009AE6B7 /* NSCalendar+ST.m */,
				9C16A0A52047E0AD009AE6B7 /* STPickerDate.h */,
				9C16A0A62047E0AD009AE6B7 /* STPickerDate.m */,
			);
			path = "Date(日期)";
			sourceTree = "<group>";
		};
		9C16A0A92047E199009AE6B7 /* STConfig */ = {
			isa = PBXGroup;
			children = (
				9C16A0B42047E1B2009AE6B7 /* STToolbar.h */,
				9C16A0B52047E1B2009AE6B7 /* STToolbar.m */,
				9C16A0AA2047E199009AE6B7 /* STConfig.h */,
				9C16A0AB2047E199009AE6B7 /* STConst.h */,
				9C16A0AC2047E199009AE6B7 /* STConst.m */,
				9C16A0AD2047E199009AE6B7 /* STUI.h */,
				9C16A0AE2047E199009AE6B7 /* STUI.m */,
				9C16A0AF2047E199009AE6B7 /* UIView+ST.h */,
				9C16A0B02047E199009AE6B7 /* UIView+ST.m */,
			);
			name = STConfig;
			path = "../../../../Downloads/CyanPickerView-master/STPickerView/STConfig";
			sourceTree = "<group>";
		};
		9C5C101620451550001DBD7F /* view */ = {
			isa = PBXGroup;
			children = (
				9C5C10172045157E001DBD7F /* SYJOrderTableViewCell.h */,
				9C5C10182045157E001DBD7F /* SYJOrderTableViewCell.m */,
				9C5C10192045157E001DBD7F /* SYJOrderTableViewCell.xib */,
			);
			path = view;
			sourceTree = "<group>";
		};
		9C5C101C20454C1B001DBD7F /* subview */ = {
			isa = PBXGroup;
			children = (
				9C5C101D20454C39001DBD7F /* SYJWriteViewController.h */,
				9C5C101E20454C39001DBD7F /* SYJWriteViewController.m */,
			);
			path = subview;
			sourceTree = "<group>";
		};
		9C659D3B20148073009DD5D0 /* FMDB */ = {
			isa = PBXGroup;
			children = (
				9C659D3C20148073009DD5D0 /* FMDatabase.h */,
				9C659D3D20148073009DD5D0 /* FMDatabase.m */,
				9C659D3E20148073009DD5D0 /* FMDatabaseAdditions.h */,
				9C659D3F20148073009DD5D0 /* FMDatabaseAdditions.m */,
				9C659D4020148073009DD5D0 /* FMDatabasePool.h */,
				9C659D4120148073009DD5D0 /* FMDatabasePool.m */,
				9C659D4220148073009DD5D0 /* FMDatabaseQueue.h */,
				9C659D4320148073009DD5D0 /* FMDatabaseQueue.m */,
				9C659D4420148073009DD5D0 /* FMDB.h */,
				9C659D4520148073009DD5D0 /* FMResultSet.h */,
				9C659D4620148073009DD5D0 /* FMResultSet.m */,
			);
			path = FMDB;
			sourceTree = "<group>";
		};
		9C659D4C201481BF009DD5D0 /* Frameworks */ = {
			isa = PBXGroup;
			children = (
				9C659D4D201481C0009DD5D0 /* libsqlite3.tbd */,
			);
			name = Frameworks;
			sourceTree = "<group>";
		};
		9C6A615F20142CF8003D43E6 = {
			isa = PBXGroup;
			children = (
				9C6A616A20142CF8003D43E6 /* 宠窝 */,
				9C6A616920142CF8003D43E6 /* Products */,
				9C659D4C201481BF009DD5D0 /* Frameworks */,
			);
			sourceTree = "<group>";
		};
		9C6A616920142CF8003D43E6 /* Products */ = {
			isa = PBXGroup;
			children = (
				9C6A616820142CF8003D43E6 /* 宠窝.app */,
			);
			name = Products;
			sourceTree = "<group>";
		};
		9C6A616A20142CF8003D43E6 /* 宠窝 */ = {
			isa = PBXGroup;
			children = (
				9CFCBC6620492BAA00E8BBC4 /* image */,
				9C6A61A9201430F5003D43E6 /* PrefixHeader.pch */,
				9C6A616B20142CF8003D43E6 /* AppDelegate.h */,
				9C6A616C20142CF8003D43E6 /* AppDelegate.m */,
				9C6A617420142CF8003D43E6 /* Assets.xcassets */,
				9C6A617620142CF8003D43E6 /* LaunchScreen.storyboard */,
				9C6A617920142CF8003D43E6 /* Info.plist */,
				9C6A617A20142CF8003D43E6 /* main.m */,
				9C6A61AA201432D9003D43E6 /* Tools */,
				9C6A618A20142DC8003D43E6 /* Root */,
				9C6A618120142D46003D43E6 /* AppClass */,
			);
			path = "宠窝";
			sourceTree = "<group>";
		};
		9C6A618120142D46003D43E6 /* AppClass */ = {
			isa = PBXGroup;
			children = (
				9C6A61A320143021003D43E6 /* 首页 */,
				9C6A619D20142FD3003D43E6 /* 我的 */,
				9C6A619720142EB8003D43E6 /* 登录注册 */,
				9C6A618220142D5C003D43E6 /* 引导页 */,
			);
			path = AppClass;
			sourceTree = "<group>";
		};
		9C6A618220142D5C003D43E6 /* 引导页 */ = {
			isa = PBXGroup;
			children = (
				9C6A618320142D5C003D43E6 /* ZWIntroductionViewController */,
			);
			path = "引导页";
			sourceTree = "<group>";
		};
		9C6A618320142D5C003D43E6 /* ZWIntroductionViewController */ = {
			isa = PBXGroup;
			children = (
				9C6A618420142D5C003D43E6 /* SYJChangeViewController.h */,
				9C6A618520142D5C003D43E6 /* SYJChangeViewController.m */,
				9C6A618620142D5C003D43E6 /* ZWIntroductionViewController.h */,
				9C6A618720142D5C003D43E6 /* ZWIntroductionViewController.m */,
			);
			path = ZWIntroductionViewController;
			sourceTree = "<group>";
		};
		9C6A618A20142DC8003D43E6 /* Root */ = {
			isa = PBXGroup;
			children = (
				9C6A618B20142DC8003D43E6 /* SYJBaseViewController.h */,
				9C6A618C20142DC8003D43E6 /* SYJBaseViewController.m */,
				9C6A618D20142DC8003D43E6 /* SYJNavigationController.h */,
				9C6A618E20142DC8003D43E6 /* SYJNavigationController.m */,
				9C6A619120142DC8003D43E6 /* SYJTabBarController.h */,
				9C6A619220142DC8003D43E6 /* SYJTabBarController.m */,
			);
			path = Root;
			sourceTree = "<group>";
		};
		9C6A619720142EB8003D43E6 /* 登录注册 */ = {
			isa = PBXGroup;
			children = (
				9C6A619820142EDA003D43E6 /* SYJLogInViewController.h */,
				9C6A619920142EDA003D43E6 /* SYJLogInViewController.m */,
				9C6A619A20142EDA003D43E6 /* SYJLogInViewController.xib */,
			);
			path = "登录注册";
			sourceTree = "<group>";
		};
		9C6A619D20142FD3003D43E6 /* 我的 */ = {
			isa = PBXGroup;
			children = (
				9CBE14012019BEB100599D65 /* sub */,
				9C6A619E20142FEC003D43E6 /* SYJMeViewController.h */,
				9C6A619F20142FEC003D43E6 /* SYJMeViewController.m */,
				9C6A61A020142FEC003D43E6 /* SYJMeViewController.xib */,
			);
			path = "我的";
			sourceTree = "<group>";
		};
		9C6A61A320143021003D43E6 /* 首页 */ = {
			isa = PBXGroup;
			children = (
				9CBE13FC2019B97900599D65 /* sub */,
				9C7E4D752018229B001C8C7F /* viewController */,
				9C7E4D7420182292001C8C7F /* model */,
				9C7E4D7320182253001C8C7F /* view */,
			);
			path = "首页";
			sourceTree = "<group>";
		};
		9C6A61AA201432D9003D43E6 /* Tools */ = {
			isa = PBXGroup;
			children = (
				9C16A0A92047E199009AE6B7 /* STConfig */,
				9C16A0A22047E0AD009AE6B7 /* Date(日期) */,
				9C16A09E2047E0A6009AE6B7 /* Single(单数组) */,
				9C5CBE78201C245D00D48401 /* SYJProgressHUD.h */,
				9C5CBE79201C245E00D48401 /* SYJProgressHUD.m */,
				9C5CBE76201C235800D48401 /* MBProgressHUD.h */,
				9C5CBE75201C235800D48401 /* MBProgressHUD.m */,
				9C5CBE14201C1B7100D48401 /* YTKKeyValueStore.h */,
				9C5CBE15201C1B7100D48401 /* YTKKeyValueStore.m */,
				9C659D3B20148073009DD5D0 /* FMDB */,
				9C6A61AB201432ED003D43E6 /* UIImage+SYJImage.h */,
				9C6A61AC201432ED003D43E6 /* UIImage+SYJImage.m */,
			);
			path = Tools;
			sourceTree = "<group>";
		};
		9C7E4D7320182253001C8C7F /* view */ = {
			isa = PBXGroup;
			children = (
				9C7E4D76201822F0001C8C7F /* SYJHomeTableViewCell.h */,
				9C7E4D77201822F0001C8C7F /* SYJHomeTableViewCell.m */,
				9C7E4D78201822F0001C8C7F /* SYJHomeTableViewCell.xib */,
				9C7E4D7E20185BD7001C8C7F /* SYJminiTableViewCell.h */,
				9C7E4D7F20185BD7001C8C7F /* SYJminiTableViewCell.m */,
				9C7E4D8020185BD7001C8C7F /* SYJminiTableViewCell.xib */,
			);
			path = view;
			sourceTree = "<group>";
		};
		9C7E4D7420182292001C8C7F /* model */ = {
			isa = PBXGroup;
			children = (
				9C16A08C20479E77009AE6B7 /* SYJGoodsInfo.h */,
				9C16A08D20479E77009AE6B7 /* SYJGoodsInfo.m */,
				9C16A08F20479F19009AE6B7 /* Goods.plist */,
				9C16A0912047B573009AE6B7 /* SYJmodel.h */,
				9C16A0922047B573009AE6B7 /* SYJmodel.m */,
			);
			path = model;
			sourceTree = "<group>";
		};
		9C7E4D752018229B001C8C7F /* viewController */ = {
			isa = PBXGroup;
			children = (
				9C6A61A42014309E003D43E6 /* SYJHomeViewController.h */,
				9C6A61A52014309E003D43E6 /* SYJHomeViewController.m */,
			);
			path = viewController;
			sourceTree = "<group>";
		};
		9CB54C942046568F003A0B30 /* view */ = {
			isa = PBXGroup;
			children = (
				9CB54C96204659EB003A0B30 /* SYJPhotoTableViewCell.h */,
				9CB54C95204659EB003A0B30 /* SYJPhotoTableViewCell.m */,
				9CB54C97204659EB003A0B30 /* SYJPhotoTableViewCell.xib */,
				9CB54C9A20465D07003A0B30 /* SYJphotoCollectionViewCell.h */,
				9CB54C9B20465D07003A0B30 /* SYJphotoCollectionViewCell.m */,
				9CB54C9C20465D07003A0B30 /* SYJphotoCollectionViewCell.xib */,
				9CB54C9F20468AFF003A0B30 /* SYJGoodsTableViewCell.h */,
				9CB54CA020468AFF003A0B30 /* SYJGoodsTableViewCell.m */,
				9CB54CA120468AFF003A0B30 /* SYJGoodsTableViewCell.xib */,
				9CB54CA420469328003A0B30 /* SYJParameterTableViewCell.h */,
				9CB54CA520469329003A0B30 /* SYJParameterTableViewCell.m */,
				9CB54CA620469329003A0B30 /* SYJParameterTableViewCell.xib */,
			);
			path = view;
			sourceTree = "<group>";
		};
		9CBE13FC2019B97900599D65 /* sub */ = {
			isa = PBXGroup;
			children = (
				9CB54C942046568F003A0B30 /* view */,
				9CBE13FE2019B9F900599D65 /* SYJInfoViewController.h */,
				9CBE13FF2019B9F900599D65 /* SYJInfoViewController.m */,
				9C16A0992047DFB8009AE6B7 /* SYJbespeakViewController.h */,
				9C16A09A2047DFB8009AE6B7 /* SYJbespeakViewController.m */,
				9C16A09B2047DFB8009AE6B7 /* SYJbespeakViewController.xib */,
			);
			path = sub;
			sourceTree = "<group>";
		};
		9CBE14012019BEB100599D65 /* sub */ = {
			isa = PBXGroup;
			children = (
				9C5C101C20454C1B001DBD7F /* subview */,
				9C5C101620451550001DBD7F /* view */,
				9CBE14022019BECC00599D65 /* SYJMoreViewController.h */,
				9CBE14032019BECC00599D65 /* SYJMoreViewController.m */,
			);
			path = sub;
			sourceTree = "<group>";
		};
		9CFCBC6620492BAA00E8BBC4 /* image */ = {
			isa = PBXGroup;
			children = (
				9CFCBC6720492BAA00E8BBC4 /* 1.jpg */,
				9CFCBC6820492BAA00E8BBC4 /* 2.jpg */,
				9CFCBC6920492BAA00E8BBC4 /* 3.jpg */,
				9CFCBC6A20492BAA00E8BBC4 /* 4.jpg */,
				9CFCBC6B20492BAA00E8BBC4 /* 5.png */,
				9CFCBC6C20492BAA00E8BBC4 /* 6.png */,
				9CFCBC6D20492BAA00E8BBC4 /* 7.png */,
				9CFCBC6E20492BAA00E8BBC4 /* 8.png */,
				9CFCBC6F20492BAA00E8BBC4 /* 9.png */,
			);
			path = image;
			sourceTree = "<group>";
		};
/* End PBXGroup section */

/* Begin PBXNativeTarget section */
		9C6A616720142CF8003D43E6 /* 宠窝 */ = {
			isa = PBXNativeTarget;
			buildConfigurationList = 9C6A617E20142CF8003D43E6 /* Build configuration list for PBXNativeTarget "宠窝" */;
			buildPhases = (
				9C6A616420142CF8003D43E6 /* Sources */,
				9C6A616520142CF8003D43E6 /* Frameworks */,
				9C6A616620142CF8003D43E6 /* Resources */,
			);
			buildRules = (
			);
			dependencies = (
			);
			name = "宠窝";
			productName = "宠窝";
			productReference = 9C6A616820142CF8003D43E6 /* 宠窝.app */;
			productType = "com.apple.product-type.application";
		};
/* End PBXNativeTarget section */

/* Begin PBXProject section */
		9C6A616020142CF8003D43E6 /* Project object */ = {
			isa = PBXProject;
			attributes = {
				LastUpgradeCheck = 0920;
				ORGANIZATIONNAME = soso;
				TargetAttributes = {
					9C6A616720142CF8003D43E6 = {
						CreatedOnToolsVersion = 9.2;
						ProvisioningStyle = Automatic;
					};
				};
			};
			buildConfigurationList = 9C6A616320142CF8003D43E6 /* Build configuration list for PBXProject "宠窝" */;
			compatibilityVersion = "Xcode 8.0";
			developmentRegion = en;
			hasScannedForEncodings = 0;
			knownRegions = (
				en,
				Base,
			);
			mainGroup = 9C6A615F20142CF8003D43E6;
			productRefGroup = 9C6A616920142CF8003D43E6 /* Products */;
			projectDirPath = "";
			projectRoot = "";
			targets = (
				9C6A616720142CF8003D43E6 /* 宠窝 */,
			);
		};
/* End PBXProject section */

/* Begin PBXResourcesBuildPhase section */
		9C6A616620142CF8003D43E6 /* Resources */ = {
			isa = PBXResourcesBuildPhase;
			buildActionMask = 2147483647;
			files = (
				9CB54C9E20465D07003A0B30 /* SYJphotoCollectionViewCell.xib in Resources */,
				9C16A09020479F19009AE6B7 /* Goods.plist in Resources */,
				9C6A619C20142EDA003D43E6 /* SYJLogInViewController.xib in Resources */,
				9C5C101B2045157E001DBD7F /* SYJOrderTableViewCell.xib in Resources */,
				9C7E4D7A201822F0001C8C7F /* SYJHomeTableViewCell.xib in Resources */,
				9C6A617820142CF8003D43E6 /* LaunchScreen.storyboard in Resources */,
				9CFCBC7720492BAA00E8BBC4 /* 8.png in Resources */,
				9CB54CA320468AFF003A0B30 /* SYJGoodsTableViewCell.xib in Resources */,
				9CFCBC7620492BAA00E8BBC4 /* 7.png in Resources */,
				9CFCBC7320492BAA00E8BBC4 /* 4.jpg in Resources */,
				9CFCBC7220492BAA00E8BBC4 /* 3.jpg in Resources */,
				9CFCBC7820492BAA00E8BBC4 /* 9.png in Resources */,
				9C6A617520142CF8003D43E6 /* Assets.xcassets in Resources */,
				9CFCBC7520492BAA00E8BBC4 /* 6.png in Resources */,
				9CB54C99204659EB003A0B30 /* SYJPhotoTableViewCell.xib in Resources */,
				9C6A61A220142FEC003D43E6 /* SYJMeViewController.xib in Resources */,
				9C7E4D8220185BD7001C8C7F /* SYJminiTableViewCell.xib in Resources */,
				9CB54CA820469329003A0B30 /* SYJParameterTableViewCell.xib in Resources */,
				9CFCBC7120492BAA00E8BBC4 /* 2.jpg in Resources */,
				9CFCBC7420492BAA00E8BBC4 /* 5.png in Resources */,
				9C16A09D2047DFB8009AE6B7 /* SYJbespeakViewController.xib in Resources */,
				9CFCBC7020492BAA00E8BBC4 /* 1.jpg in Resources */,
			);
			runOnlyForDeploymentPostprocessing = 0;
		};
/* End PBXResourcesBuildPhase section */

/* Begin PBXSourcesBuildPhase section */
		9C6A616420142CF8003D43E6 /* Sources */ = {
			isa = PBXSourcesBuildPhase;
			buildActionMask = 2147483647;
			files = (
				9C6A619620142DC8003D43E6 /* SYJTabBarController.m in Sources */,
				9C6A617B20142CF8003D43E6 /* main.m in Sources */,
				9C6A619320142DC8003D43E6 /* SYJBaseViewController.m in Sources */,
				9C659D4720148073009DD5D0 /* FMDatabase.m in Sources */,
				9C5C102020454C39001DBD7F /* SYJWriteViewController.m in Sources */,
				9C16A09C2047DFB8009AE6B7 /* SYJbespeakViewController.m in Sources */,
				9C16A0B12047E199009AE6B7 /* STConst.m in Sources */,
				9C6A619B20142EDA003D43E6 /* SYJLogInViewController.m in Sources */,
				9C7E4D79201822F0001C8C7F /* SYJHomeTableViewCell.m in Sources */,
				9C16A0B32047E199009AE6B7 /* UIView+ST.m in Sources */,
				9C16A0A12047E0A6009AE6B7 /* STPickerSingle.m in Sources */,
				9C16A0A72047E0AE009AE6B7 /* NSCalendar+ST.m in Sources */,
				9CBE14042019BECC00599D65 /* SYJMoreViewController.m in Sources */,
				9C659D4A20148073009DD5D0 /* FMDatabaseQueue.m in Sources */,
				9CB54C9D20465D07003A0B30 /* SYJphotoCollectionViewCell.m in Sources */,
				9C16A0A82047E0AE009AE6B7 /* STPickerDate.m in Sources */,
				9C659D4B20148073009DD5D0 /* FMResultSet.m in Sources */,
				9C6A61AD201432ED003D43E6 /* UIImage+SYJImage.m in Sources */,
				9CBE14002019B9F900599D65 /* SYJInfoViewController.m in Sources */,
				9C6A616D20142CF8003D43E6 /* AppDelegate.m in Sources */,
				9C6A619420142DC8003D43E6 /* SYJNavigationController.m in Sources */,
				9CB54CA220468AFF003A0B30 /* SYJGoodsTableViewCell.m in Sources */,
				9C5CBE16201C1B7100D48401 /* YTKKeyValueStore.m in Sources */,
				9C7E4D8120185BD7001C8C7F /* SYJminiTableViewCell.m in Sources */,
				9C5CBE77201C235800D48401 /* MBProgressHUD.m in Sources */,
				9C659D4820148073009DD5D0 /* FMDatabaseAdditions.m in Sources */,
				9C6A61A72014309E003D43E6 /* SYJHomeViewController.m in Sources */,
				9C16A0B62047E1B2009AE6B7 /* STToolbar.m in Sources */,
				9C5CBE7A201C245E00D48401 /* SYJProgressHUD.m in Sources */,
				9CB54CA720469329003A0B30 /* SYJParameterTableViewCell.m in Sources */,
				9C6A618820142D5C003D43E6 /* SYJChangeViewController.m in Sources */,
				9CB54C98204659EB003A0B30 /* SYJPhotoTableViewCell.m in Sources */,
				9C16A08E20479E77009AE6B7 /* SYJGoodsInfo.m in Sources */,
				9C16A0B22047E199009AE6B7 /* STUI.m in Sources */,
				9C659D4920148073009DD5D0 /* FMDatabasePool.m in Sources */,
				9C6A618920142D5C003D43E6 /* ZWIntroductionViewController.m in Sources */,
				9C16A0932047B573009AE6B7 /* SYJmodel.m in Sources */,
				9C6A61A120142FEC003D43E6 /* SYJMeViewController.m in Sources */,
				9C5C101A2045157E001DBD7F /* SYJOrderTableViewCell.m in Sources */,
			);
			runOnlyForDeploymentPostprocessing = 0;
		};
/* End PBXSourcesBuildPhase section */

/* Begin PBXVariantGroup section */
		9C6A617620142CF8003D43E6 /* LaunchScreen.storyboard */ = {
			isa = PBXVariantGroup;
			children = (
				9C6A617720142CF8003D43E6 /* Base */,
			);
			name = LaunchScreen.storyboard;
			sourceTree = "<group>";
		};
/* End PBXVariantGroup section */

/* Begin XCBuildConfiguration section */
		9C6A617C20142CF8003D43E6 /* Debug */ = {
			isa = XCBuildConfiguration;
			buildSettings = {
				ALWAYS_SEARCH_USER_PATHS = NO;
				CLANG_ANALYZER_NONNULL = YES;
				CLANG_ANALYZER_NUMBER_OBJECT_CONVERSION = YES_AGGRESSIVE;
				CLANG_CXX_LANGUAGE_STANDARD = "gnu++14";
				CLANG_CXX_LIBRARY = "libc++";
				CLANG_ENABLE_MODULES = YES;
				CLANG_ENABLE_OBJC_ARC = YES;
				CLANG_WARN_BLOCK_CAPTURE_AUTORELEASING = YES;
				CLANG_WARN_BOOL_CONVERSION = YES;
				CLANG_WARN_COMMA = YES;
				CLANG_WARN_CONSTANT_CONVERSION = YES;
				CLANG_WARN_DIRECT_OBJC_ISA_USAGE = YES_ERROR;
				CLANG_WARN_DOCUMENTATION_COMMENTS = YES;
				CLANG_WARN_EMPTY_BODY = YES;
				CLANG_WARN_ENUM_CONVERSION = YES;
				CLANG_WARN_INFINITE_RECURSION = YES;
				CLANG_WARN_INT_CONVERSION = YES;
				CLANG_WARN_NON_LITERAL_NULL_CONVERSION = YES;
				CLANG_WARN_OBJC_LITERAL_CONVERSION = YES;
				CLANG_WARN_OBJC_ROOT_CLASS = YES_ERROR;
				CLANG_WARN_RANGE_LOOP_ANALYSIS = YES;
				CLANG_WARN_STRICT_PROTOTYPES = YES;
				CLANG_WARN_SUSPICIOUS_MOVE = YES;
				CLANG_WARN_UNGUARDED_AVAILABILITY = YES_AGGRESSIVE;
				CLANG_WARN_UNREACHABLE_CODE = YES;
				CLANG_WARN__DUPLICATE_METHOD_MATCH = YES;
				CODE_SIGN_IDENTITY = "iPhone Developer";
				COPY_PHASE_STRIP = NO;
				DEBUG_INFORMATION_FORMAT = dwarf;
				ENABLE_STRICT_OBJC_MSGSEND = YES;
				ENABLE_TESTABILITY = YES;
				GCC_C_LANGUAGE_STANDARD = gnu11;
				GCC_DYNAMIC_NO_PIC = NO;
				GCC_NO_COMMON_BLOCKS = YES;
				GCC_OPTIMIZATION_LEVEL = 0;
				GCC_PREPROCESSOR_DEFINITIONS = (
					"DEBUG=1",
					"$(inherited)",
				);
				GCC_WARN_64_TO_32_BIT_CONVERSION = YES;
				GCC_WARN_ABOUT_RETURN_TYPE = YES_ERROR;
				GCC_WARN_UNDECLARED_SELECTOR = YES;
				GCC_WARN_UNINITIALIZED_AUTOS = YES_AGGRESSIVE;
				GCC_WARN_UNUSED_FUNCTION = YES;
				GCC_WARN_UNUSED_VARIABLE = YES;
				IPHONEOS_DEPLOYMENT_TARGET = 11.2;
				MTL_ENABLE_DEBUG_INFO = YES;
				ONLY_ACTIVE_ARCH = YES;
				SDKROOT = iphoneos;
			};
			name = Debug;
		};
		9C6A617D20142CF8003D43E6 /* Release */ = {
			isa = XCBuildConfiguration;
			buildSettings = {
				ALWAYS_SEARCH_USER_PATHS = NO;
				CLANG_ANALYZER_NONNULL = YES;
				CLANG_ANALYZER_NUMBER_OBJECT_CONVERSION = YES_AGGRESSIVE;
				CLANG_CXX_LANGUAGE_STANDARD = "gnu++14";
				CLANG_CXX_LIBRARY = "libc++";
				CLANG_ENABLE_MODULES = YES;
				CLANG_ENABLE_OBJC_ARC = YES;
				CLANG_WARN_BLOCK_CAPTURE_AUTORELEASING = YES;
				CLANG_WARN_BOOL_CONVERSION = YES;
				CLANG_WARN_COMMA = YES;
				CLANG_WARN_CONSTANT_CONVERSION = YES;
				CLANG_WARN_DIRECT_OBJC_ISA_USAGE = YES_ERROR;
				CLANG_WARN_DOCUMENTATION_COMMENTS = YES;
				CLANG_WARN_EMPTY_BODY = YES;
				CLANG_WARN_ENUM_CONVERSION = YES;
				CLANG_WARN_INFINITE_RECURSION = YES;
				CLANG_WARN_INT_CONVERSION = YES;
				CLANG_WARN_NON_LITERAL_NULL_CONVERSION = YES;
				CLANG_WARN_OBJC_LITERAL_CONVERSION = YES;
				CLANG_WARN_OBJC_ROOT_CLASS = YES_ERROR;
				CLANG_WARN_RANGE_LOOP_ANALYSIS = YES;
				CLANG_WARN_STRICT_PROTOTYPES = YES;
				CLANG_WARN_SUSPICIOUS_MOVE = YES;
				CLANG_WARN_UNGUARDED_AVAILABILITY = YES_AGGRESSIVE;
				CLANG_WARN_UNREACHABLE_CODE = YES;
				CLANG_WARN__DUPLICATE_METHOD_MATCH = YES;
				CODE_SIGN_IDENTITY = "iPhone Developer";
				COPY_PHASE_STRIP = NO;
				DEBUG_INFORMATION_FORMAT = "dwarf-with-dsym";
				ENABLE_NS_ASSERTIONS = NO;
				ENABLE_STRICT_OBJC_MSGSEND = YES;
				GCC_C_LANGUAGE_STANDARD = gnu11;
				GCC_NO_COMMON_BLOCKS = YES;
				GCC_WARN_64_TO_32_BIT_CONVERSION = YES;
				GCC_WARN_ABOUT_RETURN_TYPE = YES_ERROR;
				GCC_WARN_UNDECLARED_SELECTOR = YES;
				GCC_WARN_UNINITIALIZED_AUTOS = YES_AGGRESSIVE;
				GCC_WARN_UNUSED_FUNCTION = YES;
				GCC_WARN_UNUSED_VARIABLE = YES;
				IPHONEOS_DEPLOYMENT_TARGET = 11.2;
				MTL_ENABLE_DEBUG_INFO = NO;
				SDKROOT = iphoneos;
				VALIDATE_PRODUCT = YES;
			};
			name = Release;
		};
		9C6A617F20142CF8003D43E6 /* Debug */ = {
			isa = XCBuildConfiguration;
			buildSettings = {
				ASSETCATALOG_COMPILER_APPICON_NAME = AppIcon;
				CODE_SIGN_STYLE = Automatic;
				DEVELOPMENT_TEAM = 3PCREMRX9L;
				GCC_PREFIX_HEADER = "/Users/soso/Desktop/宠窝/宠窝/PrefixHeader.pch";
				INFOPLIST_FILE = "宠窝/Info.plist";
				LD_RUNPATH_SEARCH_PATHS = "$(inherited) @executable_path/Frameworks";
				PRODUCT_BUNDLE_IDENTIFIER = "ChongWo.--";
				PRODUCT_NAME = "$(TARGET_NAME)";
				TARGETED_DEVICE_FAMILY = "1,2";
			};
			name = Debug;
		};
		9C6A618020142CF8003D43E6 /* Release */ = {
			isa = XCBuildConfiguration;
			buildSettings = {
				ASSETCATALOG_COMPILER_APPICON_NAME = AppIcon;
				CODE_SIGN_STYLE = Automatic;
				DEVELOPMENT_TEAM = 3PCREMRX9L;
				GCC_PREFIX_HEADER = "/Users/soso/Desktop/宠窝/宠窝/PrefixHeader.pch";
				INFOPLIST_FILE = "宠窝/Info.plist";
				LD_RUNPATH_SEARCH_PATHS = "$(inherited) @executable_path/Frameworks";
				PRODUCT_BUNDLE_IDENTIFIER = "ChongWo.--";
				PRODUCT_NAME = "$(TARGET_NAME)";
				TARGETED_DEVICE_FAMILY = "1,2";
			};
			name = Release;
		};
/* End XCBuildConfiguration section */

/* Begin XCConfigurationList section */
		9C6A616320142CF8003D43E6 /* Build configuration list for PBXProject "宠窝" */ = {
			isa = XCConfigurationList;
			buildConfigurations = (
				9C6A617C20142CF8003D43E6 /* Debug */,
				9C6A617D20142CF8003D43E6 /* Release */,
			);
			defaultConfigurationIsVisible = 0;
			defaultConfigurationName = Release;
		};
		9C6A617E20142CF8003D43E6 /* Build configuration list for PBXNativeTarget "宠窝" */ = {
			isa = XCConfigurationList;
			buildConfigurations = (
				9C6A617F20142CF8003D43E6 /* Debug */,
				9C6A618020142CF8003D43E6 /* Release */,
			);
			defaultConfigurationIsVisible = 0;
			defaultConfigurationName = Release;
		};
/* End XCConfigurationList section */
	};
	rootObject = 9C6A616020142CF8003D43E6 /* Project object */;
}
